// !$*UTF8*$!
{
	archiveVersion = 1;
	classes = {
	};
	objectVersion = 46;
	objects = {

/* Begin PBXBuildFile section */
		B42B522A1C71049800CB8A1E /* main.m in Sources */ = {isa = PBXBuildFile; fileRef = B42B52291C71049800CB8A1E /* main.m */; };
		B42B522D1C71049800CB8A1E /* AppDelegate.m in Sources */ = {isa = PBXBuildFile; fileRef = B42B522C1C71049800CB8A1E /* AppDelegate.m */; };
		B42B52301C71049800CB8A1E /* ViewController.m in Sources */ = {isa = PBXBuildFile; fileRef = B42B522F1C71049800CB8A1E /* ViewController.m */; };
		B42B52331C71049800CB8A1E /* Main.storyboard in Resources */ = {isa = PBXBuildFile; fileRef = B42B52311C71049800CB8A1E /* Main.storyboard */; };
		B42B52351C71049800CB8A1E /* Assets.xcassets in Resources */ = {isa = PBXBuildFile; fileRef = B42B52341C71049800CB8A1E /* Assets.xcassets */; };
		B42B52381C71049800CB8A1E /* LaunchScreen.storyboard in Resources */ = {isa = PBXBuildFile; fileRef = B42B52361C71049800CB8A1E /* LaunchScreen.storyboard */; };
/* End PBXBuildFile section */

/* Begin PBXFileReference section */
		B42B52251C71049800CB8A1E /* pickerDemo.app */ = {isa = PBXFileReference; explicitFileType = wrapper.application; includeInIndex = 0; path = pickerDemo.app; sourceTree = BUILT_PRODUCTS_DIR; };
		B42B52291C71049800CB8A1E /* main.m */ = {isa = PBXFileReference; lastKnownFileType = sourcecode.c.objc; path = main.m; sourceTree = "<group>"; };
		B42B522B1C71049800CB8A1E /* AppDelegate.h */ = {isa = PBXFileReference; lastKnownFileType = sourcecode.c.h; path = AppDelegate.h; sourceTree = "<group>"; };
		B42B522C1C71049800CB8A1E /* AppDelegate.m */ = {isa = PBXFileReference; lastKnownFileType = sourcecode.c.objc; path = AppDelegate.m; sourceTree = "<group>"; };
		B42B522E1C71049800CB8A1E /* ViewController.h */ = {isa = PBXFileReference; lastKnownFileType = sourcecode.c.h; path = ViewController.h; sourceTree = "<group>"; };
		B42B522F1C71049800CB8A1E /* ViewController.m */ = {isa = PBXFileReference; lastKnownFileType = sourcecode.c.objc; path = ViewController.m; sourceTree = "<group>"; };
		B42B52321C71049800CB8A1E /* Base */ = {isa = PBXFileReference; lastKnownFileType = file.storyboard; name = Base; path = Base.lproj/Main.storyboard; sourceTree = "<group>"; };
		B42B52341C71049800CB8A1E /* Assets.xcassets */ = {isa = PBXFileReference; lastKnownFileType = folder.assetcatalog; path = Assets.xcassets; sourceTree = "<group>"; };
		B42B52371C71049800CB8A1E /* Base */ = {isa = PBXFileReference; lastKnownFileType = file.storyboard; name = Base; path = Base.lproj/LaunchScreen.storyboard; sourceTree = "<group>"; };
		B42B52391C71049800CB8A1E /* Info.plist */ = {isa = PBXFileReference; lastKnownFileType = text.plist.xml; path = Info.plist; sourceTree = "<group>"; };
/* End PBXFileReference section */

/* Begin PBXFrameworksBuildPhase section */
		B42B52221C71049800CB8A1E /* Frameworks */ = {
			isa = PBXFrameworksBuildPhase;
			buildActionMask = 2147483647;
			files = (
			);
			runOnlyForDeploymentPostprocessing = 0;
		};
/* End PBXFrameworksBuildPhase section */

/* Begin PBXGroup section */
		B42B521C1C71049800CB8A1E = {
			isa = PBXGroup;
			children = (
				B42B52271C71049800CB8A1E /* pickerDemo */,
				B42B52261C71049800CB8A1E /* Products */,
			);
			sourceTree = "<group>";
		};
		B42B52261C71049800CB8A1E /* Products */ = {
			isa = PBXGroup;
			children = (
				B42B52251C71049800CB8A1E /* pickerDemo.app */,
			);
			name = Products;
			sourceTree = "<group>";
		};
		B42B52271C71049800CB8A1E /* pickerDemo */ = {
			isa = PBXGroup;
			children = (
				B42B522B1C71049800CB8A1E /* AppDelegate.h */,
				B42B522C1C71049800CB8A1E /* AppDelegate.m */,
				B42B522E1C71049800CB8A1E /* ViewController.h */,
				B42B522F1C71049800CB8A1E /* ViewController.m */,
				B42B52311C71049800CB8A1E /* Main.storyboard */,
				B42B52341C71049800CB8A1E /* Assets.xcassets */,
				B42B52361C71049800CB8A1E /* LaunchScreen.storyboard */,
				B42B52391C71049800CB8A1E /* Info.plist */,
				B42B52281C71049800CB8A1E /* Supporting Files */,
			);
			path = pickerDemo;
			sourceTree = "<group>";
		};
		B42B52281C71049800CB8A1E /* Supporting Files */ = {
			isa = PBXGroup;
			children = (
				B42B52291C71049800CB8A1E /* main.m */,
			);
			name = "Supporting Files";
			sourceTree = "<group>";
		};
/* End PBXGroup section */

/* Begin PBXNativeTarget section */
		B42B52241C71049800CB8A1E /* pickerDemo */ = {
			isa = PBXNativeTarget;
			buildConfigurationList = B42B523C1C71049800CB8A1E /* Build configuration list for PBXNativeTarget "pickerDemo" */;
			buildPhases = (
				B42B52211C71049800CB8A1E /* Sources */,
				B42B52221C71049800CB8A1E /* Frameworks */,
				B42B52231C71049800CB8A1E /* Resources */,
			);
			buildRules = (
			);
			dependencies = (
			);
			name = pickerDemo;
			productName = pickerDemo;
			productReference = B42B52251C71049800CB8A1E /* pickerDemo.app */;
			productType = "com.apple.product-type.application";
		};
/* End PBXNativeTarget section */

/* Begin PBXProject section */
		B42B521D1C71049800CB8A1E /* Project object */ = {
			isa = PBXProject;
			attributes = {
				LastUpgradeCheck = 0720;
				ORGANIZATIONNAME = "Blake Oistad";
				TargetAttributes = {
					B42B52241C71049800CB8A1E = {
						CreatedOnToolsVersion = 7.2.1;
					};
				};
			};
			buildConfigurationList = B42B52201C71049800CB8A1E /* Build configuration list for PBXProject "pickerDemo" */;
			compatibilityVersion = "Xcode 3.2";
			developmentRegion = English;
			hasScannedForEncodings = 0;
			knownRegions = (
				en,
				Base,
			);
			mainGroup = B42B521C1C71049800CB8A1E;
			productRefGroup = B42B52261C71049800CB8A1E /* Products */;
			projectDirPath = "";
			projectRoot = "";
			targets = (
				B42B52241C71049800CB8A1E /* pickerDemo */,
			);
		};
/* End PBXProject section */

/* Begin PBXResourcesBuildPhase section */
		B42B52231C71049800CB8A1E /* Resources */ = {
			isa = PBXResourcesBuildPhase;
			buildActionMask = 2147483647;
			files = (
				B42B52381C71049800CB8A1E /* LaunchScreen.storyboard in Resources */,
				B42B52351C71049800CB8A1E /* Assets.xcassets in Resources */,
				B42B52331C71049800CB8A1E /* Main.storyboard in Resources */,
			);
			runOnlyForDeploymentPostprocessing = 0;
		};
/* End PBXResourcesBuildPhase section */

/* Begin PBXSourcesBuildPhase section */
		B42B52211C71049800CB8A1E /* Sources */ = {
			isa = PBXSourcesBuildPhase;
			buildActionMask = 2147483647;
			files = (
				B42B52301C71049800CB8A1E /* ViewController.m in Sources */,
				B42B522D1C71049800CB8A1E /* AppDelegate.m in Sources */,
				B42B522A1C71049800CB8A1E /* main.m in Sources */,
			);
			runOnlyForDeploymentPostprocessing = 0;
		};
/* End PBXSourcesBuildPhase section */

/* Begin PBXVariantGroup section */
		B42B52311C71049800CB8A1E /* Main.storyboard */ = {
			isa = PBXVariantGroup;
			children = (
				B42B52321C71049800CB8A1E /* Base */,
			);
			name = Main.storyboard;
			sourceTree = "<group>";
		};
		B42B52361C71049800CB8A1E /* LaunchScreen.storyboard */ = {
			isa = PBXVariantGroup;
			children = (
				B42B52371C71049800CB8A1E /* Base */,
			);
			name = LaunchScreen.storyboard;
			sourceTree = "<group>";
		};
/* End PBXVariantGroup section */

/* Begin XCBuildConfiguration section */
		B42B523A1C71049800CB8A1E /* Debug */ = {
			isa = XCBuildConfiguration;
			buildSettings = {
				ALWAYS_SEARCH_USER_PATHS = NO;
				CLANG_CXX_LANGUAGE_STANDARD = "gnu++0x";
				CLANG_CXX_LIBRARY = "libc++";
				CLANG_ENABLE_MODULES = YES;
				CLANG_ENABLE_OBJC_ARC = YES;
				CLANG_WARN_BOOL_CONVERSION = YES;
				CLANG_WARN_CONSTANT_CONVERSION = YES;
				CLANG_WARN_DIRECT_OBJC_ISA_USAGE = YES_ERROR;
				CLANG_WARN_EMPTY_BODY = YES;
				CLANG_WARN_ENUM_CONVERSION = YES;
				CLANG_WARN_INT_CONVERSION = YES;
				CLANG_WARN_OBJC_ROOT_CLASS = YES_ERROR;
				CLANG_WARN_UNREACHABLE_CODE = YES;
				CLANG_WARN__DUPLICATE_METHOD_MATCH = YES;
				"CODE_SIGN_IDENTITY[sdk=iphoneos*]" = "iPhone Developer";
				COPY_PHASE_STRIP = NO;
				DEBUG_INFORMATION_FORMAT = dwarf;
				ENABLE_STRICT_OBJC_MSGSEND = YES;
				ENABLE_TESTABILITY = YES;
				GCC_C_LANGUAGE_STANDARD = gnu99;
				GCC_DYNAMIC_NO_PIC = NO;
				GCC_NO_COMMON_BLOCKS = YES;
				GCC_OPTIMIZATION_LEVEL = 0;
				GCC_PREPROCESSOR_DEFINITIONS = (
					"DEBUG=1",
					"$(inherited)",
				);
				GCC_WARN_64_TO_32_BIT_CONVERSION = YES;
				GCC_WARN_ABOUT_RETURN_TYPE = YES_ERROR;
				GCC_WARN_UNDECLARED_SELECTOR = YES;
				GCC_WARN_UNINITIALIZED_AUTOS = YES_AGGRESSIVE;
				GCC_WARN_UNUSED_FUNCTION = YES;
				GCC_WARN_UNUSED_VARIABLE = YES;
				IPHONEOS_DEPLOYMENT_TARGET = 9.2;
				MTL_ENABLE_DEBUG_INFO = YES;
				ONLY_ACTIVE_ARCH = YES;
				SDKROOT = iphoneos;
				TARGETED_DEVICE_FAMILY = "1,2";
			};
			name = Debug;
		};
		B42B523B1C71049800CB8A1E /* Release */ = {
			isa = XCBuildConfiguration;
			buildSettings = {
				ALWAYS_SEARCH_USER_PATHS = NO;
				CLANG_CXX_LANGUAGE_STANDARD = "gnu++0x";
				CLANG_CXX_LIBRARY = "libc++";
				CLANG_ENABLE_MODULES = YES;
				CLANG_ENABLE_OBJC_ARC = YES;
				CLANG_WARN_BOOL_CONVERSION = YES;
				CLANG_WARN_CONSTANT_CONVERSION = YES;
				CLANG_WARN_DIRECT_OBJC_ISA_USAGE = YES_ERROR;
				CLANG_WARN_EMPTY_BODY = YES;
				CLANG_WARN_ENUM_CONVERSION = YES;
				CLANG_WARN_INT_CONVERSION = YES;
				CLANG_WARN_OBJC_ROOT_CLASS = YES_ERROR;
				CLANG_WARN_UNREACHABLE_CODE = YES;
				CLANG_WARN__DUPLICATE_METHOD_MATCH = YES;
				"CODE_SIGN_IDENTITY[sdk=iphoneos*]" = "iPhone Developer";
				COPY_PHASE_STRIP = NO;
				DEBUG_INFORMATION_FORMAT = "dwarf-with-dsym";
				ENABLE_NS_ASSERTIONS = NO;
				ENABLE_STRICT_OBJC_MSGSEND = YES;
				GCC_C_LANGUAGE_STANDARD = gnu99;
				GCC_NO_COMMON_BLOCKS = YES;
				GCC_WARN_64_TO_32_BIT_CONVERSION = YES;
				GCC_WARN_ABOUT_RETURN_TYPE = YES_ERROR;
				GCC_WARN_UNDECLARED_SELECTOR = YES;
				GCC_WARN_UNINITIALIZED_AUTOS = YES_AGGRESSIVE;
				GCC_WARN_UNUSED_FUNCTION = YES;
				GCC_WARN_UNUSED_VARIABLE = YES;
				IPHONEOS_DEPLOYMENT_TARGET = 9.2;
				MTL_ENABLE_DEBUG_INFO = NO;
				SDKROOT = iphoneos;
				TARGETED_DEVICE_FAMILY = "1,2";
				VALIDATE_PRODUCT = YES;
			};
			name = Release;
		};
		B42B523D1C71049800CB8A1E /* Debug */ = {
			isa = XCBuildConfiguration;
			buildSettings = {
				ASSETCATALOG_COMPILER_APPICON_NAME = AppIcon;
				INFOPLIST_FILE = pickerDemo/Info.plist;
				LD_RUNPATH_SEARCH_PATHS = "$(inherited) @executable_path/Frameworks";
				PRODUCT_BUNDLE_IDENTIFIER = com.blakeoistad.pickerDemo;
				PRODUCT_NAME = "$(TARGET_NAME)";
			};
			name = Debug;
		};
		B42B523E1C71049800CB8A1E /* Release */ = {
			isa = XCBuildConfiguration;
			buildSettings = {
				ASSETCATALOG_COMPILER_APPICON_NAME = AppIcon;
				INFOPLIST_FILE = pickerDemo/Info.plist;
				LD_RUNPATH_SEARCH_PATHS = "$(inherited) @executable_path/Frameworks";
				PRODUCT_BUNDLE_IDENTIFIER = com.blakeoistad.pickerDemo;
				PRODUCT_NAME = "$(TARGET_NAME)";
			};
			name = Release;
		};
/* End XCBuildConfiguration section */

/* Begin XCConfigurationList section */
		B42B52201C71049800CB8A1E /* Build configuration list for PBXProject "pickerDemo" */ = {
			isa = XCConfigurationList;
			buildConfigurations = (
				B42B523A1C71049800CB8A1E /* Debug */,
				B42B523B1C71049800CB8A1E /* Release */,
			);
			defaultConfigurationIsVisible = 0;
			defaultConfigurationName = Release;
		};
		B42B523C1C71049800CB8A1E /* Build configuration list for PBXNativeTarget "pickerDemo" */ = {
			isa = XCConfigurationList;
			buildConfigurations = (
				B42B523D1C71049800CB8A1E /* Debug */,
				B42B523E1C71049800CB8A1E /* Release */,
			);
			defaultConfigurationIsVisible = 0;
		};
/* End XCConfigurationList section */
	};
	rootObject = B42B521D1C71049800CB8A1E /* Project object */;
}
