// !$*UTF8*$!
{
	archiveVersion = 1;
	classes = {
	};
	objectVersion = 46;
	objects = {

/* Begin PBXBuildFile section */
		B4E3CA171CAA878B00A2D329 /* AppDelegate.swift in Sources */ = {isa = PBXBuildFile; fileRef = B4E3CA161CAA878B00A2D329 /* AppDelegate.swift */; };
		B4E3CA191CAA878B00A2D329 /* ViewController.swift in Sources */ = {isa = PBXBuildFile; fileRef = B4E3CA181CAA878B00A2D329 /* ViewController.swift */; };
		B4E3CA1C1CAA878B00A2D329 /* Main.storyboard in Resources */ = {isa = PBXBuildFile; fileRef = B4E3CA1A1CAA878B00A2D329 /* Main.storyboard */; };
		B4E3CA1E1CAA878B00A2D329 /* Assets.xcassets in Resources */ = {isa = PBXBuildFile; fileRef = B4E3CA1D1CAA878B00A2D329 /* Assets.xcassets */; };
		B4E3CA211CAA878B00A2D329 /* LaunchScreen.storyboard in Resources */ = {isa = PBXBuildFile; fileRef = B4E3CA1F1CAA878B00A2D329 /* LaunchScreen.storyboard */; };
		B4E3CA2C1CAA878B00A2D329 /* omdbDemoTests.swift in Sources */ = {isa = PBXBuildFile; fileRef = B4E3CA2B1CAA878B00A2D329 /* omdbDemoTests.swift */; };
		B4E3CA371CAA878B00A2D329 /* omdbDemoUITests.swift in Sources */ = {isa = PBXBuildFile; fileRef = B4E3CA361CAA878B00A2D329 /* omdbDemoUITests.swift */; };
		B4E3CA451CAA889C00A2D329 /* DataManager.swift in Sources */ = {isa = PBXBuildFile; fileRef = B4E3CA441CAA889C00A2D329 /* DataManager.swift */; };
/* End PBXBuildFile section */

/* Begin PBXContainerItemProxy section */
		B4E3CA281CAA878B00A2D329 /* PBXContainerItemProxy */ = {
			isa = PBXContainerItemProxy;
			containerPortal = B4E3CA0B1CAA878B00A2D329 /* Project object */;
			proxyType = 1;
			remoteGlobalIDString = B4E3CA121CAA878B00A2D329;
			remoteInfo = omdbDemo;
		};
		B4E3CA331CAA878B00A2D329 /* PBXContainerItemProxy */ = {
			isa = PBXContainerItemProxy;
			containerPortal = B4E3CA0B1CAA878B00A2D329 /* Project object */;
			proxyType = 1;
			remoteGlobalIDString = B4E3CA121CAA878B00A2D329;
			remoteInfo = omdbDemo;
		};
/* End PBXContainerItemProxy section */

/* Begin PBXFileReference section */
		B4E3CA131CAA878B00A2D329 /* omdbDemo.app */ = {isa = PBXFileReference; explicitFileType = wrapper.application; includeInIndex = 0; path = omdbDemo.app; sourceTree = BUILT_PRODUCTS_DIR; };
		B4E3CA161CAA878B00A2D329 /* AppDelegate.swift */ = {isa = PBXFileReference; lastKnownFileType = sourcecode.swift; path = AppDelegate.swift; sourceTree = "<group>"; };
		B4E3CA181CAA878B00A2D329 /* ViewController.swift */ = {isa = PBXFileReference; lastKnownFileType = sourcecode.swift; path = ViewController.swift; sourceTree = "<group>"; };
		B4E3CA1B1CAA878B00A2D329 /* Base */ = {isa = PBXFileReference; lastKnownFileType = file.storyboard; name = Base; path = Base.lproj/Main.storyboard; sourceTree = "<group>"; };
		B4E3CA1D1CAA878B00A2D329 /* Assets.xcassets */ = {isa = PBXFileReference; lastKnownFileType = folder.assetcatalog; path = Assets.xcassets; sourceTree = "<group>"; };
		B4E3CA201CAA878B00A2D329 /* Base */ = {isa = PBXFileReference; lastKnownFileType = file.storyboard; name = Base; path = Base.lproj/LaunchScreen.storyboard; sourceTree = "<group>"; };
		B4E3CA221CAA878B00A2D329 /* Info.plist */ = {isa = PBXFileReference; lastKnownFileType = text.plist.xml; path = Info.plist; sourceTree = "<group>"; };
		B4E3CA271CAA878B00A2D329 /* omdbDemoTests.xctest */ = {isa = PBXFileReference; explicitFileType = wrapper.cfbundle; includeInIndex = 0; path = omdbDemoTests.xctest; sourceTree = BUILT_PRODUCTS_DIR; };
		B4E3CA2B1CAA878B00A2D329 /* omdbDemoTests.swift */ = {isa = PBXFileReference; lastKnownFileType = sourcecode.swift; path = omdbDemoTests.swift; sourceTree = "<group>"; };
		B4E3CA2D1CAA878B00A2D329 /* Info.plist */ = {isa = PBXFileReference; lastKnownFileType = text.plist.xml; path = Info.plist; sourceTree = "<group>"; };
		B4E3CA321CAA878B00A2D329 /* omdbDemoUITests.xctest */ = {isa = PBXFileReference; explicitFileType = wrapper.cfbundle; includeInIndex = 0; path = omdbDemoUITests.xctest; sourceTree = BUILT_PRODUCTS_DIR; };
		B4E3CA361CAA878B00A2D329 /* omdbDemoUITests.swift */ = {isa = PBXFileReference; lastKnownFileType = sourcecode.swift; path = omdbDemoUITests.swift; sourceTree = "<group>"; };
		B4E3CA381CAA878B00A2D329 /* Info.plist */ = {isa = PBXFileReference; lastKnownFileType = text.plist.xml; path = Info.plist; sourceTree = "<group>"; };
		B4E3CA441CAA889C00A2D329 /* DataManager.swift */ = {isa = PBXFileReference; fileEncoding = 4; lastKnownFileType = sourcecode.swift; path = DataManager.swift; sourceTree = "<group>"; };
/* End PBXFileReference section */

/* Begin PBXFrameworksBuildPhase section */
		B4E3CA101CAA878B00A2D329 /* Frameworks */ = {
			isa = PBXFrameworksBuildPhase;
			buildActionMask = 2147483647;
			files = (
			);
			runOnlyForDeploymentPostprocessing = 0;
		};
		B4E3CA241CAA878B00A2D329 /* Frameworks */ = {
			isa = PBXFrameworksBuildPhase;
			buildActionMask = 2147483647;
			files = (
			);
			runOnlyForDeploymentPostprocessing = 0;
		};
		B4E3CA2F1CAA878B00A2D329 /* Frameworks */ = {
			isa = PBXFrameworksBuildPhase;
			buildActionMask = 2147483647;
			files = (
			);
			runOnlyForDeploymentPostprocessing = 0;
		};
/* End PBXFrameworksBuildPhase section */

/* Begin PBXGroup section */
		B4E3CA0A1CAA878B00A2D329 = {
			isa = PBXGroup;
			children = (
				B4E3CA151CAA878B00A2D329 /* omdbDemo */,
				B4E3CA2A1CAA878B00A2D329 /* omdbDemoTests */,
				B4E3CA351CAA878B00A2D329 /* omdbDemoUITests */,
				B4E3CA141CAA878B00A2D329 /* Products */,
			);
			sourceTree = "<group>";
		};
		B4E3CA141CAA878B00A2D329 /* Products */ = {
			isa = PBXGroup;
			children = (
				B4E3CA131CAA878B00A2D329 /* omdbDemo.app */,
				B4E3CA271CAA878B00A2D329 /* omdbDemoTests.xctest */,
				B4E3CA321CAA878B00A2D329 /* omdbDemoUITests.xctest */,
			);
			name = Products;
			sourceTree = "<group>";
		};
		B4E3CA151CAA878B00A2D329 /* omdbDemo */ = {
			isa = PBXGroup;
			children = (
				B4E3CA161CAA878B00A2D329 /* AppDelegate.swift */,
				B4E3CA181CAA878B00A2D329 /* ViewController.swift */,
				B4E3CA441CAA889C00A2D329 /* DataManager.swift */,
				B4E3CA1A1CAA878B00A2D329 /* Main.storyboard */,
				B4E3CA1D1CAA878B00A2D329 /* Assets.xcassets */,
				B4E3CA1F1CAA878B00A2D329 /* LaunchScreen.storyboard */,
				B4E3CA221CAA878B00A2D329 /* Info.plist */,
			);
			path = omdbDemo;
			sourceTree = "<group>";
		};
		B4E3CA2A1CAA878B00A2D329 /* omdbDemoTests */ = {
			isa = PBXGroup;
			children = (
				B4E3CA2B1CAA878B00A2D329 /* omdbDemoTests.swift */,
				B4E3CA2D1CAA878B00A2D329 /* Info.plist */,
			);
			path = omdbDemoTests;
			sourceTree = "<group>";
		};
		B4E3CA351CAA878B00A2D329 /* omdbDemoUITests */ = {
			isa = PBXGroup;
			children = (
				B4E3CA361CAA878B00A2D329 /* omdbDemoUITests.swift */,
				B4E3CA381CAA878B00A2D329 /* Info.plist */,
			);
			path = omdbDemoUITests;
			sourceTree = "<group>";
		};
/* End PBXGroup section */

/* Begin PBXNativeTarget section */
		B4E3CA121CAA878B00A2D329 /* omdbDemo */ = {
			isa = PBXNativeTarget;
			buildConfigurationList = B4E3CA3B1CAA878B00A2D329 /* Build configuration list for PBXNativeTarget "omdbDemo" */;
			buildPhases = (
				B4E3CA0F1CAA878B00A2D329 /* Sources */,
				B4E3CA101CAA878B00A2D329 /* Frameworks */,
				B4E3CA111CAA878B00A2D329 /* Resources */,
			);
			buildRules = (
			);
			dependencies = (
			);
			name = omdbDemo;
			productName = omdbDemo;
			productReference = B4E3CA131CAA878B00A2D329 /* omdbDemo.app */;
			productType = "com.apple.product-type.application";
		};
		B4E3CA261CAA878B00A2D329 /* omdbDemoTests */ = {
			isa = PBXNativeTarget;
			buildConfigurationList = B4E3CA3E1CAA878B00A2D329 /* Build configuration list for PBXNativeTarget "omdbDemoTests" */;
			buildPhases = (
				B4E3CA231CAA878B00A2D329 /* Sources */,
				B4E3CA241CAA878B00A2D329 /* Frameworks */,
				B4E3CA251CAA878B00A2D329 /* Resources */,
			);
			buildRules = (
			);
			dependencies = (
				B4E3CA291CAA878B00A2D329 /* PBXTargetDependency */,
			);
			name = omdbDemoTests;
			productName = omdbDemoTests;
			productReference = B4E3CA271CAA878B00A2D329 /* omdbDemoTests.xctest */;
			productType = "com.apple.product-type.bundle.unit-test";
		};
		B4E3CA311CAA878B00A2D329 /* omdbDemoUITests */ = {
			isa = PBXNativeTarget;
			buildConfigurationList = B4E3CA411CAA878B00A2D329 /* Build configuration list for PBXNativeTarget "omdbDemoUITests" */;
			buildPhases = (
				B4E3CA2E1CAA878B00A2D329 /* Sources */,
				B4E3CA2F1CAA878B00A2D329 /* Frameworks */,
				B4E3CA301CAA878B00A2D329 /* Resources */,
			);
			buildRules = (
			);
			dependencies = (
				B4E3CA341CAA878B00A2D329 /* PBXTargetDependency */,
			);
			name = omdbDemoUITests;
			productName = omdbDemoUITests;
			productReference = B4E3CA321CAA878B00A2D329 /* omdbDemoUITests.xctest */;
			productType = "com.apple.product-type.bundle.ui-testing";
		};
/* End PBXNativeTarget section */

/* Begin PBXProject section */
		B4E3CA0B1CAA878B00A2D329 /* Project object */ = {
			isa = PBXProject;
			attributes = {
				LastSwiftUpdateCheck = 0720;
				LastUpgradeCheck = 0720;
				ORGANIZATIONNAME = "Blake Oistad";
				TargetAttributes = {
					B4E3CA121CAA878B00A2D329 = {
						CreatedOnToolsVersion = 7.2.1;
					};
					B4E3CA261CAA878B00A2D329 = {
						CreatedOnToolsVersion = 7.2.1;
						TestTargetID = B4E3CA121CAA878B00A2D329;
					};
					B4E3CA311CAA878B00A2D329 = {
						CreatedOnToolsVersion = 7.2.1;
						TestTargetID = B4E3CA121CAA878B00A2D329;
					};
				};
			};
			buildConfigurationList = B4E3CA0E1CAA878B00A2D329 /* Build configuration list for PBXProject "omdbDemo" */;
			compatibilityVersion = "Xcode 3.2";
			developmentRegion = English;
			hasScannedForEncodings = 0;
			knownRegions = (
				en,
				Base,
			);
			mainGroup = B4E3CA0A1CAA878B00A2D329;
			productRefGroup = B4E3CA141CAA878B00A2D329 /* Products */;
			projectDirPath = "";
			projectRoot = "";
			targets = (
				B4E3CA121CAA878B00A2D329 /* omdbDemo */,
				B4E3CA261CAA878B00A2D329 /* omdbDemoTests */,
				B4E3CA311CAA878B00A2D329 /* omdbDemoUITests */,
			);
		};
/* End PBXProject section */

/* Begin PBXResourcesBuildPhase section */
		B4E3CA111CAA878B00A2D329 /* Resources */ = {
			isa = PBXResourcesBuildPhase;
			buildActionMask = 2147483647;
			files = (
				B4E3CA211CAA878B00A2D329 /* LaunchScreen.storyboard in Resources */,
				B4E3CA1E1CAA878B00A2D329 /* Assets.xcassets in Resources */,
				B4E3CA1C1CAA878B00A2D329 /* Main.storyboard in Resources */,
			);
			runOnlyForDeploymentPostprocessing = 0;
		};
		B4E3CA251CAA878B00A2D329 /* Resources */ = {
			isa = PBXResourcesBuildPhase;
			buildActionMask = 2147483647;
			files = (
			);
			runOnlyForDeploymentPostprocessing = 0;
		};
		B4E3CA301CAA878B00A2D329 /* Resources */ = {
			isa = PBXResourcesBuildPhase;
			buildActionMask = 2147483647;
			files = (
			);
			runOnlyForDeploymentPostprocessing = 0;
		};
/* End PBXResourcesBuildPhase section */

/* Begin PBXSourcesBuildPhase section */
		B4E3CA0F1CAA878B00A2D329 /* Sources */ = {
			isa = PBXSourcesBuildPhase;
			buildActionMask = 2147483647;
			files = (
				B4E3CA191CAA878B00A2D329 /* ViewController.swift in Sources */,
				B4E3CA451CAA889C00A2D329 /* DataManager.swift in Sources */,
				B4E3CA171CAA878B00A2D329 /* AppDelegate.swift in Sources */,
			);
			runOnlyForDeploymentPostprocessing = 0;
		};
		B4E3CA231CAA878B00A2D329 /* Sources */ = {
			isa = PBXSourcesBuildPhase;
			buildActionMask = 2147483647;
			files = (
				B4E3CA2C1CAA878B00A2D329 /* omdbDemoTests.swift in Sources */,
			);
			runOnlyForDeploymentPostprocessing = 0;
		};
		B4E3CA2E1CAA878B00A2D329 /* Sources */ = {
			isa = PBXSourcesBuildPhase;
			buildActionMask = 2147483647;
			files = (
				B4E3CA371CAA878B00A2D329 /* omdbDemoUITests.swift in Sources */,
			);
			runOnlyForDeploymentPostprocessing = 0;
		};
/* End PBXSourcesBuildPhase section */

/* Begin PBXTargetDependency section */
		B4E3CA291CAA878B00A2D329 /* PBXTargetDependency */ = {
			isa = PBXTargetDependency;
			target = B4E3CA121CAA878B00A2D329 /* omdbDemo */;
			targetProxy = B4E3CA281CAA878B00A2D329 /* PBXContainerItemProxy */;
		};
		B4E3CA341CAA878B00A2D329 /* PBXTargetDependency */ = {
			isa = PBXTargetDependency;
			target = B4E3CA121CAA878B00A2D329 /* omdbDemo */;
			targetProxy = B4E3CA331CAA878B00A2D329 /* PBXContainerItemProxy */;
		};
/* End PBXTargetDependency section */

/* Begin PBXVariantGroup section */
		B4E3CA1A1CAA878B00A2D329 /* Main.storyboard */ = {
			isa = PBXVariantGroup;
			children = (
				B4E3CA1B1CAA878B00A2D329 /* Base */,
			);
			name = Main.storyboard;
			sourceTree = "<group>";
		};
		B4E3CA1F1CAA878B00A2D329 /* LaunchScreen.storyboard */ = {
			isa = PBXVariantGroup;
			children = (
				B4E3CA201CAA878B00A2D329 /* Base */,
			);
			name = LaunchScreen.storyboard;
			sourceTree = "<group>";
		};
/* End PBXVariantGroup section */

/* Begin XCBuildConfiguration section */
		B4E3CA391CAA878B00A2D329 /* Debug */ = {
			isa = XCBuildConfiguration;
			buildSettings = {
				ALWAYS_SEARCH_USER_PATHS = NO;
				CLANG_CXX_LANGUAGE_STANDARD = "gnu++0x";
				CLANG_CXX_LIBRARY = "libc++";
				CLANG_ENABLE_MODULES = YES;
				CLANG_ENABLE_OBJC_ARC = YES;
				CLANG_WARN_BOOL_CONVERSION = YES;
				CLANG_WARN_CONSTANT_CONVERSION = YES;
				CLANG_WARN_DIRECT_OBJC_ISA_USAGE = YES_ERROR;
				CLANG_WARN_EMPTY_BODY = YES;
				CLANG_WARN_ENUM_CONVERSION = YES;
				CLANG_WARN_INT_CONVERSION = YES;
				CLANG_WARN_OBJC_ROOT_CLASS = YES_ERROR;
				CLANG_WARN_UNREACHABLE_CODE = YES;
				CLANG_WARN__DUPLICATE_METHOD_MATCH = YES;
				"CODE_SIGN_IDENTITY[sdk=iphoneos*]" = "iPhone Developer";
				COPY_PHASE_STRIP = NO;
				DEBUG_INFORMATION_FORMAT = dwarf;
				ENABLE_STRICT_OBJC_MSGSEND = YES;
				ENABLE_TESTABILITY = YES;
				GCC_C_LANGUAGE_STANDARD = gnu99;
				GCC_DYNAMIC_NO_PIC = NO;
				GCC_NO_COMMON_BLOCKS = YES;
				GCC_OPTIMIZATION_LEVEL = 0;
				GCC_PREPROCESSOR_DEFINITIONS = (
					"DEBUG=1",
					"$(inherited)",
				);
				GCC_WARN_64_TO_32_BIT_CONVERSION = YES;
				GCC_WARN_ABOUT_RETURN_TYPE = YES_ERROR;
				GCC_WARN_UNDECLARED_SELECTOR = YES;
				GCC_WARN_UNINITIALIZED_AUTOS = YES_AGGRESSIVE;
				GCC_WARN_UNUSED_FUNCTION = YES;
				GCC_WARN_UNUSED_VARIABLE = YES;
				IPHONEOS_DEPLOYMENT_TARGET = 9.2;
				MTL_ENABLE_DEBUG_INFO = YES;
				ONLY_ACTIVE_ARCH = YES;
				SDKROOT = iphoneos;
				SWIFT_OPTIMIZATION_LEVEL = "-Onone";
				TARGETED_DEVICE_FAMILY = "1,2";
			};
			name = Debug;
		};
		B4E3CA3A1CAA878B00A2D329 /* Release */ = {
			isa = XCBuildConfiguration;
			buildSettings = {
				ALWAYS_SEARCH_USER_PATHS = NO;
				CLANG_CXX_LANGUAGE_STANDARD = "gnu++0x";
				CLANG_CXX_LIBRARY = "libc++";
				CLANG_ENABLE_MODULES = YES;
				CLANG_ENABLE_OBJC_ARC = YES;
				CLANG_WARN_BOOL_CONVERSION = YES;
				CLANG_WARN_CONSTANT_CONVERSION = YES;
				CLANG_WARN_DIRECT_OBJC_ISA_USAGE = YES_ERROR;
				CLANG_WARN_EMPTY_BODY = YES;
				CLANG_WARN_ENUM_CONVERSION = YES;
				CLANG_WARN_INT_CONVERSION = YES;
				CLANG_WARN_OBJC_ROOT_CLASS = YES_ERROR;
				CLANG_WARN_UNREACHABLE_CODE = YES;
				CLANG_WARN__DUPLICATE_METHOD_MATCH = YES;
				"CODE_SIGN_IDENTITY[sdk=iphoneos*]" = "iPhone Developer";
				COPY_PHASE_STRIP = NO;
				DEBUG_INFORMATION_FORMAT = "dwarf-with-dsym";
				ENABLE_NS_ASSERTIONS = NO;
				ENABLE_STRICT_OBJC_MSGSEND = YES;
				GCC_C_LANGUAGE_STANDARD = gnu99;
				GCC_NO_COMMON_BLOCKS = YES;
				GCC_WARN_64_TO_32_BIT_CONVERSION = YES;
				GCC_WARN_ABOUT_RETURN_TYPE = YES_ERROR;
				GCC_WARN_UNDECLARED_SELECTOR = YES;
				GCC_WARN_UNINITIALIZED_AUTOS = YES_AGGRESSIVE;
				GCC_WARN_UNUSED_FUNCTION = YES;
				GCC_WARN_UNUSED_VARIABLE = YES;
				IPHONEOS_DEPLOYMENT_TARGET = 9.2;
				MTL_ENABLE_DEBUG_INFO = NO;
				SDKROOT = iphoneos;
				TARGETED_DEVICE_FAMILY = "1,2";
				VALIDATE_PRODUCT = YES;
			};
			name = Release;
		};
		B4E3CA3C1CAA878B00A2D329 /* Debug */ = {
			isa = XCBuildConfiguration;
			buildSettings = {
				ASSETCATALOG_COMPILER_APPICON_NAME = AppIcon;
				INFOPLIST_FILE = omdbDemo/Info.plist;
				LD_RUNPATH_SEARCH_PATHS = "$(inherited) @executable_path/Frameworks";
				PRODUCT_BUNDLE_IDENTIFIER = com.blakeoistad.omdbDemo;
				PRODUCT_NAME = "$(TARGET_NAME)";
			};
			name = Debug;
		};
		B4E3CA3D1CAA878B00A2D329 /* Release */ = {
			isa = XCBuildConfiguration;
			buildSettings = {
				ASSETCATALOG_COMPILER_APPICON_NAME = AppIcon;
				INFOPLIST_FILE = omdbDemo/Info.plist;
				LD_RUNPATH_SEARCH_PATHS = "$(inherited) @executable_path/Frameworks";
				PRODUCT_BUNDLE_IDENTIFIER = com.blakeoistad.omdbDemo;
				PRODUCT_NAME = "$(TARGET_NAME)";
			};
			name = Release;
		};
		B4E3CA3F1CAA878B00A2D329 /* Debug */ = {
			isa = XCBuildConfiguration;
			buildSettings = {
				BUNDLE_LOADER = "$(TEST_HOST)";
				INFOPLIST_FILE = omdbDemoTests/Info.plist;
				LD_RUNPATH_SEARCH_PATHS = "$(inherited) @executable_path/Frameworks @loader_path/Frameworks";
				PRODUCT_BUNDLE_IDENTIFIER = com.blakeoistad.omdbDemoTests;
				PRODUCT_NAME = "$(TARGET_NAME)";
				TEST_HOST = "$(BUILT_PRODUCTS_DIR)/omdbDemo.app/omdbDemo";
			};
			name = Debug;
		};
		B4E3CA401CAA878B00A2D329 /* Release */ = {
			isa = XCBuildConfiguration;
			buildSettings = {
				BUNDLE_LOADER = "$(TEST_HOST)";
				INFOPLIST_FILE = omdbDemoTests/Info.plist;
				LD_RUNPATH_SEARCH_PATHS = "$(inherited) @executable_path/Frameworks @loader_path/Frameworks";
				PRODUCT_BUNDLE_IDENTIFIER = com.blakeoistad.omdbDemoTests;
				PRODUCT_NAME = "$(TARGET_NAME)";
				TEST_HOST = "$(BUILT_PRODUCTS_DIR)/omdbDemo.app/omdbDemo";
			};
			name = Release;
		};
		B4E3CA421CAA878B00A2D329 /* Debug */ = {
			isa = XCBuildConfiguration;
			buildSettings = {
				INFOPLIST_FILE = omdbDemoUITests/Info.plist;
				LD_RUNPATH_SEARCH_PATHS = "$(inherited) @executable_path/Frameworks @loader_path/Frameworks";
				PRODUCT_BUNDLE_IDENTIFIER = com.blakeoistad.omdbDemoUITests;
				PRODUCT_NAME = "$(TARGET_NAME)";
				TEST_TARGET_NAME = omdbDemo;
				USES_XCTRUNNER = YES;
			};
			name = Debug;
		};
		B4E3CA431CAA878B00A2D329 /* Release */ = {
			isa = XCBuildConfiguration;
			buildSettings = {
				INFOPLIST_FILE = omdbDemoUITests/Info.plist;
				LD_RUNPATH_SEARCH_PATHS = "$(inherited) @executable_path/Frameworks @loader_path/Frameworks";
				PRODUCT_BUNDLE_IDENTIFIER = com.blakeoistad.omdbDemoUITests;
				PRODUCT_NAME = "$(TARGET_NAME)";
				TEST_TARGET_NAME = omdbDemo;
				USES_XCTRUNNER = YES;
			};
			name = Release;
		};
/* End XCBuildConfiguration section */

/* Begin XCConfigurationList section */
		B4E3CA0E1CAA878B00A2D329 /* Build configuration list for PBXProject "omdbDemo" */ = {
			isa = XCConfigurationList;
			buildConfigurations = (
				B4E3CA391CAA878B00A2D329 /* Debug */,
				B4E3CA3A1CAA878B00A2D329 /* Release */,
			);
			defaultConfigurationIsVisible = 0;
			defaultConfigurationName = Release;
		};
		B4E3CA3B1CAA878B00A2D329 /* Build configuration list for PBXNativeTarget "omdbDemo" */ = {
			isa = XCConfigurationList;
			buildConfigurations = (
				B4E3CA3C1CAA878B00A2D329 /* Debug */,
				B4E3CA3D1CAA878B00A2D329 /* Release */,
			);
			defaultConfigurationIsVisible = 0;
		};
		B4E3CA3E1CAA878B00A2D329 /* Build configuration list for PBXNativeTarget "omdbDemoTests" */ = {
			isa = XCConfigurationList;
			buildConfigurations = (
				B4E3CA3F1CAA878B00A2D329 /* Debug */,
				B4E3CA401CAA878B00A2D329 /* Release */,
			);
			defaultConfigurationIsVisible = 0;
		};
		B4E3CA411CAA878B00A2D329 /* Build configuration list for PBXNativeTarget "omdbDemoUITests" */ = {
			isa = XCConfigurationList;
			buildConfigurations = (
				B4E3CA421CAA878B00A2D329 /* Debug */,
				B4E3CA431CAA878B00A2D329 /* Release */,
			);
			defaultConfigurationIsVisible = 0;
		};
/* End XCConfigurationList section */
	};
	rootObject = B4E3CA0B1CAA878B00A2D329 /* Project object */;
}
