// !$*UTF8*$!
{
	archiveVersion = 1;
	classes = {
	};
	objectVersion = 46;
	objects = {

/* Begin PBXBuildFile section */
		B465DEF71CCA85B600BD8D9D /* AppDelegate.swift in Sources */ = {isa = PBXBuildFile; fileRef = B465DEF61CCA85B600BD8D9D /* AppDelegate.swift */; };
		B465DEF91CCA85B600BD8D9D /* ViewController.swift in Sources */ = {isa = PBXBuildFile; fileRef = B465DEF81CCA85B600BD8D9D /* ViewController.swift */; };
		B465DEFC1CCA85B600BD8D9D /* Main.storyboard in Resources */ = {isa = PBXBuildFile; fileRef = B465DEFA1CCA85B600BD8D9D /* Main.storyboard */; };
		B465DEFE1CCA85B600BD8D9D /* Assets.xcassets in Resources */ = {isa = PBXBuildFile; fileRef = B465DEFD1CCA85B600BD8D9D /* Assets.xcassets */; };
		B465DF011CCA85B600BD8D9D /* LaunchScreen.storyboard in Resources */ = {isa = PBXBuildFile; fileRef = B465DEFF1CCA85B600BD8D9D /* LaunchScreen.storyboard */; };
		B4A102961CCD3C4900620B0E /* GifCollectionViewCell.swift in Sources */ = {isa = PBXBuildFile; fileRef = B4A102951CCD3C4900620B0E /* GifCollectionViewCell.swift */; };
		B4CBC0A31CCABA13006C407B /* barWaves.png in Resources */ = {isa = PBXBuildFile; fileRef = B4CBC0881CCABA13006C407B /* barWaves.png */; };
		B4CBC0A41CCABA13006C407B /* cpu.png in Resources */ = {isa = PBXBuildFile; fileRef = B4CBC0891CCABA13006C407B /* cpu.png */; };
		B4CBC0A51CCABA13006C407B /* cubeRoom.png in Resources */ = {isa = PBXBuildFile; fileRef = B4CBC08A1CCABA13006C407B /* cubeRoom.png */; };
		B4CBC0A61CCABA13006C407B /* dots.png in Resources */ = {isa = PBXBuildFile; fileRef = B4CBC08B1CCABA13006C407B /* dots.png */; };
		B4CBC0A71CCABA13006C407B /* downwardSpiral.png in Resources */ = {isa = PBXBuildFile; fileRef = B4CBC08C1CCABA13006C407B /* downwardSpiral.png */; };
		B4CBC0A81CCABA13006C407B /* endlessDNA.png in Resources */ = {isa = PBXBuildFile; fileRef = B4CBC08D1CCABA13006C407B /* endlessDNA.png */; };
		B4CBC0A91CCABA13006C407B /* floatingCubes.png in Resources */ = {isa = PBXBuildFile; fileRef = B4CBC08E1CCABA13006C407B /* floatingCubes.png */; };
		B4CBC0AA1CCABA13006C407B /* gifCat.png in Resources */ = {isa = PBXBuildFile; fileRef = B4CBC08F1CCABA13006C407B /* gifCat.png */; };
		B4CBC0AB1CCABA13006C407B /* goingUp.png in Resources */ = {isa = PBXBuildFile; fileRef = B4CBC0901CCABA13006C407B /* goingUp.png */; };
		B4CBC0AC1CCABA13006C407B /* impossible.png in Resources */ = {isa = PBXBuildFile; fileRef = B4CBC0911CCABA13006C407B /* impossible.png */; };
		B4CBC0AD1CCABA13006C407B /* infiniteHallway.png in Resources */ = {isa = PBXBuildFile; fileRef = B4CBC0921CCABA13006C407B /* infiniteHallway.png */; };
		B4CBC0AE1CCABA13006C407B /* lightTunnel.png in Resources */ = {isa = PBXBuildFile; fileRef = B4CBC0931CCABA13006C407B /* lightTunnel.png */; };
		B4CBC0AF1CCABA13006C407B /* lightTunnel2.png in Resources */ = {isa = PBXBuildFile; fileRef = B4CBC0941CCABA13006C407B /* lightTunnel2.png */; };
		B4CBC0B01CCABA13006C407B /* machine.png in Resources */ = {isa = PBXBuildFile; fileRef = B4CBC0951CCABA13006C407B /* machine.png */; };
		B4CBC0B11CCABA13006C407B /* powerSphere.png in Resources */ = {isa = PBXBuildFile; fileRef = B4CBC0961CCABA13006C407B /* powerSphere.png */; };
		B4CBC0B21CCABA13006C407B /* rainbowSnake.png in Resources */ = {isa = PBXBuildFile; fileRef = B4CBC0971CCABA13006C407B /* rainbowSnake.png */; };
		B4CBC0B31CCABA13006C407B /* rainbowSpiral.png in Resources */ = {isa = PBXBuildFile; fileRef = B4CBC0981CCABA13006C407B /* rainbowSpiral.png */; };
		B4CBC0B41CCABA13006C407B /* rainbowTunnel.png in Resources */ = {isa = PBXBuildFile; fileRef = B4CBC0991CCABA13006C407B /* rainbowTunnel.png */; };
		B4CBC0B51CCABA13006C407B /* sharkFin.png in Resources */ = {isa = PBXBuildFile; fileRef = B4CBC09A1CCABA13006C407B /* sharkFin.png */; };
		B4CBC0B61CCABA13006C407B /* slinkies.png in Resources */ = {isa = PBXBuildFile; fileRef = B4CBC09B1CCABA13006C407B /* slinkies.png */; };
		B4CBC0B71CCABA13006C407B /* spiralColumn.png in Resources */ = {isa = PBXBuildFile; fileRef = B4CBC09C1CCABA13006C407B /* spiralColumn.png */; };
		B4CBC0B81CCABA13006C407B /* spiralingDown.png in Resources */ = {isa = PBXBuildFile; fileRef = B4CBC09D1CCABA13006C407B /* spiralingDown.png */; };
		B4CBC0B91CCABA13006C407B /* suckedIn.png in Resources */ = {isa = PBXBuildFile; fileRef = B4CBC09E1CCABA13006C407B /* suckedIn.png */; };
		B4CBC0BA1CCABA13006C407B /* swirlColumn2.png in Resources */ = {isa = PBXBuildFile; fileRef = B4CBC09F1CCABA13006C407B /* swirlColumn2.png */; };
		B4CBC0BB1CCABA13006C407B /* swirlTunnel.png in Resources */ = {isa = PBXBuildFile; fileRef = B4CBC0A01CCABA13006C407B /* swirlTunnel.png */; };
		B4CBC0BC1CCABA13006C407B /* waterGirl.png in Resources */ = {isa = PBXBuildFile; fileRef = B4CBC0A11CCABA13006C407B /* waterGirl.png */; };
		B4CBC0BD1CCABA13006C407B /* zoomDown.png in Resources */ = {isa = PBXBuildFile; fileRef = B4CBC0A21CCABA13006C407B /* zoomDown.png */; };
		B4CE235E1CCA881700195BB3 /* SwiftGif.swift in Sources */ = {isa = PBXBuildFile; fileRef = B4CE235D1CCA881700195BB3 /* SwiftGif.swift */; };
		B4CE23601CCA89F000195BB3 /* MainViewController.swift in Sources */ = {isa = PBXBuildFile; fileRef = B4CE235F1CCA89F000195BB3 /* MainViewController.swift */; };
		B4CE23621CCA8C6F00195BB3 /* GifManager.swift in Sources */ = {isa = PBXBuildFile; fileRef = B4CE23611CCA8C6F00195BB3 /* GifManager.swift */; };
		B4CE237E1CCA9DA700195BB3 /* waterGirl.gif in Resources */ = {isa = PBXBuildFile; fileRef = B4CE23631CCA9DA700195BB3 /* waterGirl.gif */; };
		B4CE237F1CCA9DA700195BB3 /* swirlColumn2.gif in Resources */ = {isa = PBXBuildFile; fileRef = B4CE23641CCA9DA700195BB3 /* swirlColumn2.gif */; };
		B4CE23801CCA9DA700195BB3 /* sharkFin.gif in Resources */ = {isa = PBXBuildFile; fileRef = B4CE23651CCA9DA700195BB3 /* sharkFin.gif */; };
		B4CE23811CCA9DA700195BB3 /* dots.gif in Resources */ = {isa = PBXBuildFile; fileRef = B4CE23661CCA9DA700195BB3 /* dots.gif */; };
		B4CE23821CCA9DA700195BB3 /* cpu.gif in Resources */ = {isa = PBXBuildFile; fileRef = B4CE23671CCA9DA700195BB3 /* cpu.gif */; };
		B4CE23831CCA9DA700195BB3 /* zoomDown.gif in Resources */ = {isa = PBXBuildFile; fileRef = B4CE23681CCA9DA700195BB3 /* zoomDown.gif */; };
		B4CE23841CCA9DA700195BB3 /* barWaves.gif in Resources */ = {isa = PBXBuildFile; fileRef = B4CE23691CCA9DA700195BB3 /* barWaves.gif */; };
		B4CE23851CCA9DA700195BB3 /* endlessDNA.gif in Resources */ = {isa = PBXBuildFile; fileRef = B4CE236A1CCA9DA700195BB3 /* endlessDNA.gif */; };
		B4CE23861CCA9DA700195BB3 /* slinkies.gif in Resources */ = {isa = PBXBuildFile; fileRef = B4CE236B1CCA9DA700195BB3 /* slinkies.gif */; };
		B4CE23871CCA9DA700195BB3 /* downwardSpiral.gif in Resources */ = {isa = PBXBuildFile; fileRef = B4CE236C1CCA9DA700195BB3 /* downwardSpiral.gif */; };
		B4CE23881CCA9DA700195BB3 /* rainbowSnake.gif in Resources */ = {isa = PBXBuildFile; fileRef = B4CE236D1CCA9DA700195BB3 /* rainbowSnake.gif */; };
		B4CE23891CCA9DA700195BB3 /* lightTunnel2.gif in Resources */ = {isa = PBXBuildFile; fileRef = B4CE236E1CCA9DA700195BB3 /* lightTunnel2.gif */; };
		B4CE238A1CCA9DA700195BB3 /* rainbowSpiral.gif in Resources */ = {isa = PBXBuildFile; fileRef = B4CE236F1CCA9DA700195BB3 /* rainbowSpiral.gif */; };
		B4CE238B1CCA9DA700195BB3 /* gifCat.gif in Resources */ = {isa = PBXBuildFile; fileRef = B4CE23701CCA9DA700195BB3 /* gifCat.gif */; };
		B4CE238C1CCA9DA700195BB3 /* machine.gif in Resources */ = {isa = PBXBuildFile; fileRef = B4CE23711CCA9DA700195BB3 /* machine.gif */; };
		B4CE238D1CCA9DA700195BB3 /* rainbowTunnel.gif in Resources */ = {isa = PBXBuildFile; fileRef = B4CE23721CCA9DA700195BB3 /* rainbowTunnel.gif */; };
		B4CE238E1CCA9DA700195BB3 /* spiralColumn.gif in Resources */ = {isa = PBXBuildFile; fileRef = B4CE23731CCA9DA700195BB3 /* spiralColumn.gif */; };
		B4CE238F1CCA9DA700195BB3 /* spiralingDown.gif in Resources */ = {isa = PBXBuildFile; fileRef = B4CE23741CCA9DA700195BB3 /* spiralingDown.gif */; };
		B4CE23901CCA9DA700195BB3 /* goingUp.gif in Resources */ = {isa = PBXBuildFile; fileRef = B4CE23751CCA9DA700195BB3 /* goingUp.gif */; };
		B4CE23911CCA9DA700195BB3 /* cubeRoom.gif in Resources */ = {isa = PBXBuildFile; fileRef = B4CE23761CCA9DA700195BB3 /* cubeRoom.gif */; };
		B4CE23921CCA9DA700195BB3 /* floatingCubes.gif in Resources */ = {isa = PBXBuildFile; fileRef = B4CE23771CCA9DA700195BB3 /* floatingCubes.gif */; };
		B4CE23931CCA9DA700195BB3 /* lightTunnel.gif in Resources */ = {isa = PBXBuildFile; fileRef = B4CE23781CCA9DA700195BB3 /* lightTunnel.gif */; };
		B4CE23941CCA9DA700195BB3 /* suckedIn.gif in Resources */ = {isa = PBXBuildFile; fileRef = B4CE23791CCA9DA700195BB3 /* suckedIn.gif */; };
		B4CE23951CCA9DA700195BB3 /* infiniteHallway.gif in Resources */ = {isa = PBXBuildFile; fileRef = B4CE237A1CCA9DA700195BB3 /* infiniteHallway.gif */; };
		B4CE23961CCA9DA700195BB3 /* swirlTunnel.gif in Resources */ = {isa = PBXBuildFile; fileRef = B4CE237B1CCA9DA700195BB3 /* swirlTunnel.gif */; };
		B4CE23971CCA9DA700195BB3 /* impossible.gif in Resources */ = {isa = PBXBuildFile; fileRef = B4CE237C1CCA9DA700195BB3 /* impossible.gif */; };
		B4CE23981CCA9DA700195BB3 /* powerSphere.gif in Resources */ = {isa = PBXBuildFile; fileRef = B4CE237D1CCA9DA700195BB3 /* powerSphere.gif */; };
		BCC2150BA920F1BAB7343842 /* Pods_gifMe.framework in Frameworks */ = {isa = PBXBuildFile; fileRef = B66FFB4348B1010E6371EB0F /* Pods_gifMe.framework */; };
/* End PBXBuildFile section */

/* Begin PBXFileReference section */
		1534489B42CA4E1EFB70704D /* Pods-gifMe.debug.xcconfig */ = {isa = PBXFileReference; includeInIndex = 1; lastKnownFileType = text.xcconfig; name = "Pods-gifMe.debug.xcconfig"; path = "Pods/Target Support Files/Pods-gifMe/Pods-gifMe.debug.xcconfig"; sourceTree = "<group>"; };
		B465DEF31CCA85B600BD8D9D /* gifMe.app */ = {isa = PBXFileReference; explicitFileType = wrapper.application; includeInIndex = 0; path = gifMe.app; sourceTree = BUILT_PRODUCTS_DIR; };
		B465DEF61CCA85B600BD8D9D /* AppDelegate.swift */ = {isa = PBXFileReference; lastKnownFileType = sourcecode.swift; path = AppDelegate.swift; sourceTree = "<group>"; };
		B465DEF81CCA85B600BD8D9D /* ViewController.swift */ = {isa = PBXFileReference; lastKnownFileType = sourcecode.swift; path = ViewController.swift; sourceTree = "<group>"; };
		B465DEFB1CCA85B600BD8D9D /* Base */ = {isa = PBXFileReference; lastKnownFileType = file.storyboard; name = Base; path = Base.lproj/Main.storyboard; sourceTree = "<group>"; };
		B465DEFD1CCA85B600BD8D9D /* Assets.xcassets */ = {isa = PBXFileReference; lastKnownFileType = folder.assetcatalog; path = Assets.xcassets; sourceTree = "<group>"; };
		B465DF001CCA85B600BD8D9D /* Base */ = {isa = PBXFileReference; lastKnownFileType = file.storyboard; name = Base; path = Base.lproj/LaunchScreen.storyboard; sourceTree = "<group>"; };
		B465DF021CCA85B600BD8D9D /* Info.plist */ = {isa = PBXFileReference; lastKnownFileType = text.plist.xml; path = Info.plist; sourceTree = "<group>"; };
		B4A102951CCD3C4900620B0E /* GifCollectionViewCell.swift */ = {isa = PBXFileReference; fileEncoding = 4; lastKnownFileType = sourcecode.swift; path = GifCollectionViewCell.swift; sourceTree = "<group>"; };
		B4CBC0881CCABA13006C407B /* barWaves.png */ = {isa = PBXFileReference; lastKnownFileType = image.png; path = barWaves.png; sourceTree = "<group>"; };
		B4CBC0891CCABA13006C407B /* cpu.png */ = {isa = PBXFileReference; lastKnownFileType = image.png; path = cpu.png; sourceTree = "<group>"; };
		B4CBC08A1CCABA13006C407B /* cubeRoom.png */ = {isa = PBXFileReference; lastKnownFileType = image.png; path = cubeRoom.png; sourceTree = "<group>"; };
		B4CBC08B1CCABA13006C407B /* dots.png */ = {isa = PBXFileReference; lastKnownFileType = image.png; path = dots.png; sourceTree = "<group>"; };
		B4CBC08C1CCABA13006C407B /* downwardSpiral.png */ = {isa = PBXFileReference; lastKnownFileType = image.png; path = downwardSpiral.png; sourceTree = "<group>"; };
		B4CBC08D1CCABA13006C407B /* endlessDNA.png */ = {isa = PBXFileReference; lastKnownFileType = image.png; path = endlessDNA.png; sourceTree = "<group>"; };
		B4CBC08E1CCABA13006C407B /* floatingCubes.png */ = {isa = PBXFileReference; lastKnownFileType = image.png; path = floatingCubes.png; sourceTree = "<group>"; };
		B4CBC08F1CCABA13006C407B /* gifCat.png */ = {isa = PBXFileReference; lastKnownFileType = image.png; path = gifCat.png; sourceTree = "<group>"; };
		B4CBC0901CCABA13006C407B /* goingUp.png */ = {isa = PBXFileReference; lastKnownFileType = image.png; path = goingUp.png; sourceTree = "<group>"; };
		B4CBC0911CCABA13006C407B /* impossible.png */ = {isa = PBXFileReference; lastKnownFileType = image.png; path = impossible.png; sourceTree = "<group>"; };
		B4CBC0921CCABA13006C407B /* infiniteHallway.png */ = {isa = PBXFileReference; lastKnownFileType = image.png; path = infiniteHallway.png; sourceTree = "<group>"; };
		B4CBC0931CCABA13006C407B /* lightTunnel.png */ = {isa = PBXFileReference; lastKnownFileType = image.png; path = lightTunnel.png; sourceTree = "<group>"; };
		B4CBC0941CCABA13006C407B /* lightTunnel2.png */ = {isa = PBXFileReference; lastKnownFileType = image.png; path = lightTunnel2.png; sourceTree = "<group>"; };
		B4CBC0951CCABA13006C407B /* machine.png */ = {isa = PBXFileReference; lastKnownFileType = image.png; path = machine.png; sourceTree = "<group>"; };
		B4CBC0961CCABA13006C407B /* powerSphere.png */ = {isa = PBXFileReference; lastKnownFileType = image.png; path = powerSphere.png; sourceTree = "<group>"; };
		B4CBC0971CCABA13006C407B /* rainbowSnake.png */ = {isa = PBXFileReference; lastKnownFileType = image.png; path = rainbowSnake.png; sourceTree = "<group>"; };
		B4CBC0981CCABA13006C407B /* rainbowSpiral.png */ = {isa = PBXFileReference; lastKnownFileType = image.png; path = rainbowSpiral.png; sourceTree = "<group>"; };
		B4CBC0991CCABA13006C407B /* rainbowTunnel.png */ = {isa = PBXFileReference; lastKnownFileType = image.png; path = rainbowTunnel.png; sourceTree = "<group>"; };
		B4CBC09A1CCABA13006C407B /* sharkFin.png */ = {isa = PBXFileReference; lastKnownFileType = image.png; path = sharkFin.png; sourceTree = "<group>"; };
		B4CBC09B1CCABA13006C407B /* slinkies.png */ = {isa = PBXFileReference; lastKnownFileType = image.png; path = slinkies.png; sourceTree = "<group>"; };
		B4CBC09C1CCABA13006C407B /* spiralColumn.png */ = {isa = PBXFileReference; lastKnownFileType = image.png; path = spiralColumn.png; sourceTree = "<group>"; };
		B4CBC09D1CCABA13006C407B /* spiralingDown.png */ = {isa = PBXFileReference; lastKnownFileType = image.png; path = spiralingDown.png; sourceTree = "<group>"; };
		B4CBC09E1CCABA13006C407B /* suckedIn.png */ = {isa = PBXFileReference; lastKnownFileType = image.png; path = suckedIn.png; sourceTree = "<group>"; };
		B4CBC09F1CCABA13006C407B /* swirlColumn2.png */ = {isa = PBXFileReference; lastKnownFileType = image.png; path = swirlColumn2.png; sourceTree = "<group>"; };
		B4CBC0A01CCABA13006C407B /* swirlTunnel.png */ = {isa = PBXFileReference; lastKnownFileType = image.png; path = swirlTunnel.png; sourceTree = "<group>"; };
		B4CBC0A11CCABA13006C407B /* waterGirl.png */ = {isa = PBXFileReference; lastKnownFileType = image.png; path = waterGirl.png; sourceTree = "<group>"; };
		B4CBC0A21CCABA13006C407B /* zoomDown.png */ = {isa = PBXFileReference; lastKnownFileType = image.png; path = zoomDown.png; sourceTree = "<group>"; };
		B4CE235D1CCA881700195BB3 /* SwiftGif.swift */ = {isa = PBXFileReference; fileEncoding = 4; lastKnownFileType = sourcecode.swift; path = SwiftGif.swift; sourceTree = "<group>"; };
		B4CE235F1CCA89F000195BB3 /* MainViewController.swift */ = {isa = PBXFileReference; fileEncoding = 4; lastKnownFileType = sourcecode.swift; path = MainViewController.swift; sourceTree = "<group>"; };
		B4CE23611CCA8C6F00195BB3 /* GifManager.swift */ = {isa = PBXFileReference; fileEncoding = 4; lastKnownFileType = sourcecode.swift; path = GifManager.swift; sourceTree = "<group>"; };
		B4CE23631CCA9DA700195BB3 /* waterGirl.gif */ = {isa = PBXFileReference; lastKnownFileType = image.gif; path = waterGirl.gif; sourceTree = "<group>"; };
		B4CE23641CCA9DA700195BB3 /* swirlColumn2.gif */ = {isa = PBXFileReference; lastKnownFileType = image.gif; path = swirlColumn2.gif; sourceTree = "<group>"; };
		B4CE23651CCA9DA700195BB3 /* sharkFin.gif */ = {isa = PBXFileReference; lastKnownFileType = image.gif; path = sharkFin.gif; sourceTree = "<group>"; };
		B4CE23661CCA9DA700195BB3 /* dots.gif */ = {isa = PBXFileReference; lastKnownFileType = image.gif; path = dots.gif; sourceTree = "<group>"; };
		B4CE23671CCA9DA700195BB3 /* cpu.gif */ = {isa = PBXFileReference; lastKnownFileType = image.gif; path = cpu.gif; sourceTree = "<group>"; };
		B4CE23681CCA9DA700195BB3 /* zoomDown.gif */ = {isa = PBXFileReference; lastKnownFileType = image.gif; path = zoomDown.gif; sourceTree = "<group>"; };
		B4CE23691CCA9DA700195BB3 /* barWaves.gif */ = {isa = PBXFileReference; lastKnownFileType = image.gif; path = barWaves.gif; sourceTree = "<group>"; };
		B4CE236A1CCA9DA700195BB3 /* endlessDNA.gif */ = {isa = PBXFileReference; lastKnownFileType = image.gif; path = endlessDNA.gif; sourceTree = "<group>"; };
		B4CE236B1CCA9DA700195BB3 /* slinkies.gif */ = {isa = PBXFileReference; lastKnownFileType = image.gif; path = slinkies.gif; sourceTree = "<group>"; };
		B4CE236C1CCA9DA700195BB3 /* downwardSpiral.gif */ = {isa = PBXFileReference; lastKnownFileType = image.gif; path = downwardSpiral.gif; sourceTree = "<group>"; };
		B4CE236D1CCA9DA700195BB3 /* rainbowSnake.gif */ = {isa = PBXFileReference; lastKnownFileType = image.gif; path = rainbowSnake.gif; sourceTree = "<group>"; };
		B4CE236E1CCA9DA700195BB3 /* lightTunnel2.gif */ = {isa = PBXFileReference; lastKnownFileType = image.gif; path = lightTunnel2.gif; sourceTree = "<group>"; };
		B4CE236F1CCA9DA700195BB3 /* rainbowSpiral.gif */ = {isa = PBXFileReference; lastKnownFileType = image.gif; path = rainbowSpiral.gif; sourceTree = "<group>"; };
		B4CE23701CCA9DA700195BB3 /* gifCat.gif */ = {isa = PBXFileReference; lastKnownFileType = image.gif; path = gifCat.gif; sourceTree = "<group>"; };
		B4CE23711CCA9DA700195BB3 /* machine.gif */ = {isa = PBXFileReference; lastKnownFileType = image.gif; path = machine.gif; sourceTree = "<group>"; };
		B4CE23721CCA9DA700195BB3 /* rainbowTunnel.gif */ = {isa = PBXFileReference; lastKnownFileType = image.gif; path = rainbowTunnel.gif; sourceTree = "<group>"; };
		B4CE23731CCA9DA700195BB3 /* spiralColumn.gif */ = {isa = PBXFileReference; lastKnownFileType = image.gif; path = spiralColumn.gif; sourceTree = "<group>"; };
		B4CE23741CCA9DA700195BB3 /* spiralingDown.gif */ = {isa = PBXFileReference; lastKnownFileType = image.gif; path = spiralingDown.gif; sourceTree = "<group>"; };
		B4CE23751CCA9DA700195BB3 /* goingUp.gif */ = {isa = PBXFileReference; lastKnownFileType = image.gif; path = goingUp.gif; sourceTree = "<group>"; };
		B4CE23761CCA9DA700195BB3 /* cubeRoom.gif */ = {isa = PBXFileReference; lastKnownFileType = image.gif; path = cubeRoom.gif; sourceTree = "<group>"; };
		B4CE23771CCA9DA700195BB3 /* floatingCubes.gif */ = {isa = PBXFileReference; lastKnownFileType = image.gif; path = floatingCubes.gif; sourceTree = "<group>"; };
		B4CE23781CCA9DA700195BB3 /* lightTunnel.gif */ = {isa = PBXFileReference; lastKnownFileType = image.gif; path = lightTunnel.gif; sourceTree = "<group>"; };
		B4CE23791CCA9DA700195BB3 /* suckedIn.gif */ = {isa = PBXFileReference; lastKnownFileType = image.gif; path = suckedIn.gif; sourceTree = "<group>"; };
		B4CE237A1CCA9DA700195BB3 /* infiniteHallway.gif */ = {isa = PBXFileReference; lastKnownFileType = image.gif; path = infiniteHallway.gif; sourceTree = "<group>"; };
		B4CE237B1CCA9DA700195BB3 /* swirlTunnel.gif */ = {isa = PBXFileReference; lastKnownFileType = image.gif; path = swirlTunnel.gif; sourceTree = "<group>"; };
		B4CE237C1CCA9DA700195BB3 /* impossible.gif */ = {isa = PBXFileReference; lastKnownFileType = image.gif; path = impossible.gif; sourceTree = "<group>"; };
		B4CE237D1CCA9DA700195BB3 /* powerSphere.gif */ = {isa = PBXFileReference; lastKnownFileType = image.gif; path = powerSphere.gif; sourceTree = "<group>"; };
		B66FFB4348B1010E6371EB0F /* Pods_gifMe.framework */ = {isa = PBXFileReference; explicitFileType = wrapper.framework; includeInIndex = 0; path = Pods_gifMe.framework; sourceTree = BUILT_PRODUCTS_DIR; };
		CB04A1ED8DA56A2354FDE94B /* Pods-gifMe.release.xcconfig */ = {isa = PBXFileReference; includeInIndex = 1; lastKnownFileType = text.xcconfig; name = "Pods-gifMe.release.xcconfig"; path = "Pods/Target Support Files/Pods-gifMe/Pods-gifMe.release.xcconfig"; sourceTree = "<group>"; };
/* End PBXFileReference section */

/* Begin PBXFrameworksBuildPhase section */
		B465DEF01CCA85B600BD8D9D /* Frameworks */ = {
			isa = PBXFrameworksBuildPhase;
			buildActionMask = 2147483647;
			files = (
				BCC2150BA920F1BAB7343842 /* Pods_gifMe.framework in Frameworks */,
			);
			runOnlyForDeploymentPostprocessing = 0;
		};
/* End PBXFrameworksBuildPhase section */

/* Begin PBXGroup section */
		2D688B141DF67481CF3B681A /* Pods */ = {
			isa = PBXGroup;
			children = (
				1534489B42CA4E1EFB70704D /* Pods-gifMe.debug.xcconfig */,
				CB04A1ED8DA56A2354FDE94B /* Pods-gifMe.release.xcconfig */,
			);
			name = Pods;
			sourceTree = "<group>";
		};
		40D5E4355A98A156284524F0 /* Frameworks */ = {
			isa = PBXGroup;
			children = (
				B66FFB4348B1010E6371EB0F /* Pods_gifMe.framework */,
			);
			name = Frameworks;
			sourceTree = "<group>";
		};
		B465DEEA1CCA85B600BD8D9D = {
			isa = PBXGroup;
			children = (
				B465DEF51CCA85B600BD8D9D /* gifMe */,
				B465DEF41CCA85B600BD8D9D /* Products */,
				2D688B141DF67481CF3B681A /* Pods */,
				40D5E4355A98A156284524F0 /* Frameworks */,
			);
			sourceTree = "<group>";
		};
		B465DEF41CCA85B600BD8D9D /* Products */ = {
			isa = PBXGroup;
			children = (
				B465DEF31CCA85B600BD8D9D /* gifMe.app */,
			);
			name = Products;
			sourceTree = "<group>";
		};
		B465DEF51CCA85B600BD8D9D /* gifMe */ = {
			isa = PBXGroup;
			children = (
				B465DEF61CCA85B600BD8D9D /* AppDelegate.swift */,
				B465DEF81CCA85B600BD8D9D /* ViewController.swift */,
				B4CE235F1CCA89F000195BB3 /* MainViewController.swift */,
				B4A102951CCD3C4900620B0E /* GifCollectionViewCell.swift */,
				B4CBC0851CCAAB01006C407B /* Gif Data */,
				B4CBC0841CCAAAF6006C407B /* Storyboards */,
				B465DEFD1CCA85B600BD8D9D /* Assets.xcassets */,
				B4CBC0BE1CCABA26006C407B /* png */,
				B4CE23991CCA9DAD00195BB3 /* gif */,
				B465DF021CCA85B600BD8D9D /* Info.plist */,
			);
			path = gifMe;
			sourceTree = "<group>";
		};
		B4CBC0841CCAAAF6006C407B /* Storyboards */ = {
			isa = PBXGroup;
			children = (
				B465DEFA1CCA85B600BD8D9D /* Main.storyboard */,
				B465DEFF1CCA85B600BD8D9D /* LaunchScreen.storyboard */,
			);
			name = Storyboards;
			sourceTree = "<group>";
		};
		B4CBC0851CCAAB01006C407B /* Gif Data */ = {
			isa = PBXGroup;
			children = (
				B4CE23611CCA8C6F00195BB3 /* GifManager.swift */,
				B4CE235D1CCA881700195BB3 /* SwiftGif.swift */,
			);
			name = "Gif Data";
			sourceTree = "<group>";
		};
		B4CBC0BE1CCABA26006C407B /* png */ = {
			isa = PBXGroup;
			children = (
				B4CBC0881CCABA13006C407B /* barWaves.png */,
				B4CBC0891CCABA13006C407B /* cpu.png */,
				B4CBC08A1CCABA13006C407B /* cubeRoom.png */,
				B4CBC08B1CCABA13006C407B /* dots.png */,
				B4CBC08C1CCABA13006C407B /* downwardSpiral.png */,
				B4CBC08D1CCABA13006C407B /* endlessDNA.png */,
				B4CBC08E1CCABA13006C407B /* floatingCubes.png */,
				B4CBC08F1CCABA13006C407B /* gifCat.png */,
				B4CBC0901CCABA13006C407B /* goingUp.png */,
				B4CBC0911CCABA13006C407B /* impossible.png */,
				B4CBC0921CCABA13006C407B /* infiniteHallway.png */,
				B4CBC0931CCABA13006C407B /* lightTunnel.png */,
				B4CBC0941CCABA13006C407B /* lightTunnel2.png */,
				B4CBC0951CCABA13006C407B /* machine.png */,
				B4CBC0961CCABA13006C407B /* powerSphere.png */,
				B4CBC0971CCABA13006C407B /* rainbowSnake.png */,
				B4CBC0981CCABA13006C407B /* rainbowSpiral.png */,
				B4CBC0991CCABA13006C407B /* rainbowTunnel.png */,
				B4CBC09A1CCABA13006C407B /* sharkFin.png */,
				B4CBC09B1CCABA13006C407B /* slinkies.png */,
				B4CBC09C1CCABA13006C407B /* spiralColumn.png */,
				B4CBC09D1CCABA13006C407B /* spiralingDown.png */,
				B4CBC09E1CCABA13006C407B /* suckedIn.png */,
				B4CBC09F1CCABA13006C407B /* swirlColumn2.png */,
				B4CBC0A01CCABA13006C407B /* swirlTunnel.png */,
				B4CBC0A11CCABA13006C407B /* waterGirl.png */,
				B4CBC0A21CCABA13006C407B /* zoomDown.png */,
			);
			name = png;
			sourceTree = "<group>";
		};
		B4CE23991CCA9DAD00195BB3 /* gif */ = {
			isa = PBXGroup;
			children = (
				B4CE23631CCA9DA700195BB3 /* waterGirl.gif */,
				B4CE23641CCA9DA700195BB3 /* swirlColumn2.gif */,
				B4CE23651CCA9DA700195BB3 /* sharkFin.gif */,
				B4CE23661CCA9DA700195BB3 /* dots.gif */,
				B4CE23671CCA9DA700195BB3 /* cpu.gif */,
				B4CE23681CCA9DA700195BB3 /* zoomDown.gif */,
				B4CE23691CCA9DA700195BB3 /* barWaves.gif */,
				B4CE236A1CCA9DA700195BB3 /* endlessDNA.gif */,
				B4CE236B1CCA9DA700195BB3 /* slinkies.gif */,
				B4CE236C1CCA9DA700195BB3 /* downwardSpiral.gif */,
				B4CE236D1CCA9DA700195BB3 /* rainbowSnake.gif */,
				B4CE236E1CCA9DA700195BB3 /* lightTunnel2.gif */,
				B4CE236F1CCA9DA700195BB3 /* rainbowSpiral.gif */,
				B4CE23701CCA9DA700195BB3 /* gifCat.gif */,
				B4CE23711CCA9DA700195BB3 /* machine.gif */,
				B4CE23721CCA9DA700195BB3 /* rainbowTunnel.gif */,
				B4CE23731CCA9DA700195BB3 /* spiralColumn.gif */,
				B4CE23741CCA9DA700195BB3 /* spiralingDown.gif */,
				B4CE23751CCA9DA700195BB3 /* goingUp.gif */,
				B4CE23761CCA9DA700195BB3 /* cubeRoom.gif */,
				B4CE23771CCA9DA700195BB3 /* floatingCubes.gif */,
				B4CE23781CCA9DA700195BB3 /* lightTunnel.gif */,
				B4CE23791CCA9DA700195BB3 /* suckedIn.gif */,
				B4CE237A1CCA9DA700195BB3 /* infiniteHallway.gif */,
				B4CE237B1CCA9DA700195BB3 /* swirlTunnel.gif */,
				B4CE237C1CCA9DA700195BB3 /* impossible.gif */,
				B4CE237D1CCA9DA700195BB3 /* powerSphere.gif */,
			);
			name = gif;
			sourceTree = "<group>";
		};
/* End PBXGroup section */

/* Begin PBXNativeTarget section */
		B465DEF21CCA85B600BD8D9D /* gifMe */ = {
			isa = PBXNativeTarget;
			buildConfigurationList = B465DF051CCA85B600BD8D9D /* Build configuration list for PBXNativeTarget "gifMe" */;
			buildPhases = (
				2396E5B8C10F30FE462530E2 /* Check Pods Manifest.lock */,
				B465DEEF1CCA85B600BD8D9D /* Sources */,
				B465DEF01CCA85B600BD8D9D /* Frameworks */,
				B465DEF11CCA85B600BD8D9D /* Resources */,
				78DC5872687A0A48BC2966E5 /* Embed Pods Frameworks */,
				E17983AE5CC343CE883D954E /* Copy Pods Resources */,
			);
			buildRules = (
			);
			dependencies = (
			);
			name = gifMe;
			productName = gifMe;
			productReference = B465DEF31CCA85B600BD8D9D /* gifMe.app */;
			productType = "com.apple.product-type.application";
		};
/* End PBXNativeTarget section */

/* Begin PBXProject section */
		B465DEEB1CCA85B600BD8D9D /* Project object */ = {
			isa = PBXProject;
			attributes = {
				LastSwiftUpdateCheck = 0730;
				LastUpgradeCheck = 0730;
				ORGANIZATIONNAME = "Blake Oistad";
				TargetAttributes = {
					B465DEF21CCA85B600BD8D9D = {
						CreatedOnToolsVersion = 7.3;
					};
				};
			};
			buildConfigurationList = B465DEEE1CCA85B600BD8D9D /* Build configuration list for PBXProject "gifMe" */;
			compatibilityVersion = "Xcode 3.2";
			developmentRegion = English;
			hasScannedForEncodings = 0;
			knownRegions = (
				en,
				Base,
			);
			mainGroup = B465DEEA1CCA85B600BD8D9D;
			productRefGroup = B465DEF41CCA85B600BD8D9D /* Products */;
			projectDirPath = "";
			projectRoot = "";
			targets = (
				B465DEF21CCA85B600BD8D9D /* gifMe */,
			);
		};
/* End PBXProject section */

/* Begin PBXResourcesBuildPhase section */
		B465DEF11CCA85B600BD8D9D /* Resources */ = {
			isa = PBXResourcesBuildPhase;
			buildActionMask = 2147483647;
			files = (
				B4CBC0AC1CCABA13006C407B /* impossible.png in Resources */,
				B4CE23901CCA9DA700195BB3 /* goingUp.gif in Resources */,
				B4CBC0B91CCABA13006C407B /* suckedIn.png in Resources */,
				B4CBC0A71CCABA13006C407B /* downwardSpiral.png in Resources */,
				B4CE23911CCA9DA700195BB3 /* cubeRoom.gif in Resources */,
				B4CBC0A41CCABA13006C407B /* cpu.png in Resources */,
				B465DF011CCA85B600BD8D9D /* LaunchScreen.storyboard in Resources */,
				B4CBC0AE1CCABA13006C407B /* lightTunnel.png in Resources */,
				B4CE23831CCA9DA700195BB3 /* zoomDown.gif in Resources */,
				B4CBC0A61CCABA13006C407B /* dots.png in Resources */,
				B4CBC0AB1CCABA13006C407B /* goingUp.png in Resources */,
				B4CBC0A31CCABA13006C407B /* barWaves.png in Resources */,
				B4CBC0BA1CCABA13006C407B /* swirlColumn2.png in Resources */,
				B4CE238D1CCA9DA700195BB3 /* rainbowTunnel.gif in Resources */,
				B4CE238A1CCA9DA700195BB3 /* rainbowSpiral.gif in Resources */,
				B4CBC0B31CCABA13006C407B /* rainbowSpiral.png in Resources */,
				B4CE23961CCA9DA700195BB3 /* swirlTunnel.gif in Resources */,
				B4CE23891CCA9DA700195BB3 /* lightTunnel2.gif in Resources */,
				B4CE23861CCA9DA700195BB3 /* slinkies.gif in Resources */,
				B465DEFE1CCA85B600BD8D9D /* Assets.xcassets in Resources */,
				B4CE23881CCA9DA700195BB3 /* rainbowSnake.gif in Resources */,
				B4CE23951CCA9DA700195BB3 /* infiniteHallway.gif in Resources */,
				B4CBC0B01CCABA13006C407B /* machine.png in Resources */,
				B4CBC0B11CCABA13006C407B /* powerSphere.png in Resources */,
				B4CBC0BB1CCABA13006C407B /* swirlTunnel.png in Resources */,
				B4CE23811CCA9DA700195BB3 /* dots.gif in Resources */,
				B4CE23971CCA9DA700195BB3 /* impossible.gif in Resources */,
				B4CBC0A81CCABA13006C407B /* endlessDNA.png in Resources */,
				B4CE23821CCA9DA700195BB3 /* cpu.gif in Resources */,
				B4CE23851CCA9DA700195BB3 /* endlessDNA.gif in Resources */,
				B4CBC0B61CCABA13006C407B /* slinkies.png in Resources */,
				B4CE238F1CCA9DA700195BB3 /* spiralingDown.gif in Resources */,
				B4CBC0A91CCABA13006C407B /* floatingCubes.png in Resources */,
				B4CE23981CCA9DA700195BB3 /* powerSphere.gif in Resources */,
				B4CE23941CCA9DA700195BB3 /* suckedIn.gif in Resources */,
				B4CBC0B71CCABA13006C407B /* spiralColumn.png in Resources */,
				B4CBC0B81CCABA13006C407B /* spiralingDown.png in Resources */,
				B4CE23801CCA9DA700195BB3 /* sharkFin.gif in Resources */,
				B4CE237E1CCA9DA700195BB3 /* waterGirl.gif in Resources */,
				B4CE238E1CCA9DA700195BB3 /* spiralColumn.gif in Resources */,
				B4CBC0AD1CCABA13006C407B /* infiniteHallway.png in Resources */,
				B4CE238C1CCA9DA700195BB3 /* machine.gif in Resources */,
				B4CBC0B21CCABA13006C407B /* rainbowSnake.png in Resources */,
				B4CE23841CCA9DA700195BB3 /* barWaves.gif in Resources */,
				B4CE23931CCA9DA700195BB3 /* lightTunnel.gif in Resources */,
				B4CE23921CCA9DA700195BB3 /* floatingCubes.gif in Resources */,
				B4CE23871CCA9DA700195BB3 /* downwardSpiral.gif in Resources */,
				B4CBC0AF1CCABA13006C407B /* lightTunnel2.png in Resources */,
				B4CE238B1CCA9DA700195BB3 /* gifCat.gif in Resources */,
				B4CBC0BC1CCABA13006C407B /* waterGirl.png in Resources */,
				B4CE237F1CCA9DA700195BB3 /* swirlColumn2.gif in Resources */,
				B4CBC0B41CCABA13006C407B /* rainbowTunnel.png in Resources */,
				B4CBC0B51CCABA13006C407B /* sharkFin.png in Resources */,
				B465DEFC1CCA85B600BD8D9D /* Main.storyboard in Resources */,
				B4CBC0A51CCABA13006C407B /* cubeRoom.png in Resources */,
				B4CBC0AA1CCABA13006C407B /* gifCat.png in Resources */,
				B4CBC0BD1CCABA13006C407B /* zoomDown.png in Resources */,
			);
			runOnlyForDeploymentPostprocessing = 0;
		};
/* End PBXResourcesBuildPhase section */

/* Begin PBXShellScriptBuildPhase section */
		2396E5B8C10F30FE462530E2 /* Check Pods Manifest.lock */ = {
			isa = PBXShellScriptBuildPhase;
			buildActionMask = 2147483647;
			files = (
			);
			inputPaths = (
			);
			name = "Check Pods Manifest.lock";
			outputPaths = (
			);
			runOnlyForDeploymentPostprocessing = 0;
			shellPath = /bin/sh;
			shellScript = "diff \"${PODS_ROOT}/../Podfile.lock\" \"${PODS_ROOT}/Manifest.lock\" > /dev/null\nif [[ $? != 0 ]] ; then\n    cat << EOM\nerror: The sandbox is not in sync with the Podfile.lock. Run 'pod install' or update your CocoaPods installation.\nEOM\n    exit 1\nfi\n";
			showEnvVarsInLog = 0;
		};
		78DC5872687A0A48BC2966E5 /* Embed Pods Frameworks */ = {
			isa = PBXShellScriptBuildPhase;
			buildActionMask = 2147483647;
			files = (
			);
			inputPaths = (
			);
			name = "Embed Pods Frameworks";
			outputPaths = (
			);
			runOnlyForDeploymentPostprocessing = 0;
			shellPath = /bin/sh;
			shellScript = "\"${SRCROOT}/Pods/Target Support Files/Pods-gifMe/Pods-gifMe-frameworks.sh\"\n";
			showEnvVarsInLog = 0;
		};
		E17983AE5CC343CE883D954E /* Copy Pods Resources */ = {
			isa = PBXShellScriptBuildPhase;
			buildActionMask = 2147483647;
			files = (
			);
			inputPaths = (
			);
			name = "Copy Pods Resources";
			outputPaths = (
			);
			runOnlyForDeploymentPostprocessing = 0;
			shellPath = /bin/sh;
			shellScript = "\"${SRCROOT}/Pods/Target Support Files/Pods-gifMe/Pods-gifMe-resources.sh\"\n";
			showEnvVarsInLog = 0;
		};
/* End PBXShellScriptBuildPhase section */

/* Begin PBXSourcesBuildPhase section */
		B465DEEF1CCA85B600BD8D9D /* Sources */ = {
			isa = PBXSourcesBuildPhase;
			buildActionMask = 2147483647;
			files = (
				B4CE235E1CCA881700195BB3 /* SwiftGif.swift in Sources */,
				B465DEF91CCA85B600BD8D9D /* ViewController.swift in Sources */,
				B465DEF71CCA85B600BD8D9D /* AppDelegate.swift in Sources */,
				B4CE23621CCA8C6F00195BB3 /* GifManager.swift in Sources */,
				B4CE23601CCA89F000195BB3 /* MainViewController.swift in Sources */,
				B4A102961CCD3C4900620B0E /* GifCollectionViewCell.swift in Sources */,
			);
			runOnlyForDeploymentPostprocessing = 0;
		};
/* End PBXSourcesBuildPhase section */

/* Begin PBXVariantGroup section */
		B465DEFA1CCA85B600BD8D9D /* Main.storyboard */ = {
			isa = PBXVariantGroup;
			children = (
				B465DEFB1CCA85B600BD8D9D /* Base */,
			);
			name = Main.storyboard;
			sourceTree = "<group>";
		};
		B465DEFF1CCA85B600BD8D9D /* LaunchScreen.storyboard */ = {
			isa = PBXVariantGroup;
			children = (
				B465DF001CCA85B600BD8D9D /* Base */,
			);
			name = LaunchScreen.storyboard;
			sourceTree = "<group>";
		};
/* End PBXVariantGroup section */

/* Begin XCBuildConfiguration section */
		B465DF031CCA85B600BD8D9D /* Debug */ = {
			isa = XCBuildConfiguration;
			buildSettings = {
				ALWAYS_SEARCH_USER_PATHS = NO;
				CLANG_ANALYZER_NONNULL = YES;
				CLANG_CXX_LANGUAGE_STANDARD = "gnu++0x";
				CLANG_CXX_LIBRARY = "libc++";
				CLANG_ENABLE_MODULES = YES;
				CLANG_ENABLE_OBJC_ARC = YES;
				CLANG_WARN_BOOL_CONVERSION = YES;
				CLANG_WARN_CONSTANT_CONVERSION = YES;
				CLANG_WARN_DIRECT_OBJC_ISA_USAGE = YES_ERROR;
				CLANG_WARN_EMPTY_BODY = YES;
				CLANG_WARN_ENUM_CONVERSION = YES;
				CLANG_WARN_INT_CONVERSION = YES;
				CLANG_WARN_OBJC_ROOT_CLASS = YES_ERROR;
				CLANG_WARN_UNREACHABLE_CODE = YES;
				CLANG_WARN__DUPLICATE_METHOD_MATCH = YES;
				"CODE_SIGN_IDENTITY[sdk=iphoneos*]" = "iPhone Developer";
				COPY_PHASE_STRIP = NO;
				DEBUG_INFORMATION_FORMAT = dwarf;
				ENABLE_STRICT_OBJC_MSGSEND = YES;
				ENABLE_TESTABILITY = YES;
				GCC_C_LANGUAGE_STANDARD = gnu99;
				GCC_DYNAMIC_NO_PIC = NO;
				GCC_NO_COMMON_BLOCKS = YES;
				GCC_OPTIMIZATION_LEVEL = 0;
				GCC_PREPROCESSOR_DEFINITIONS = (
					"DEBUG=1",
					"$(inherited)",
				);
				GCC_WARN_64_TO_32_BIT_CONVERSION = YES;
				GCC_WARN_ABOUT_RETURN_TYPE = YES_ERROR;
				GCC_WARN_UNDECLARED_SELECTOR = YES;
				GCC_WARN_UNINITIALIZED_AUTOS = YES_AGGRESSIVE;
				GCC_WARN_UNUSED_FUNCTION = YES;
				GCC_WARN_UNUSED_VARIABLE = YES;
				IPHONEOS_DEPLOYMENT_TARGET = 9.3;
				MTL_ENABLE_DEBUG_INFO = YES;
				ONLY_ACTIVE_ARCH = YES;
				SDKROOT = iphoneos;
				SWIFT_OPTIMIZATION_LEVEL = "-Onone";
				TARGETED_DEVICE_FAMILY = "1,2";
			};
			name = Debug;
		};
		B465DF041CCA85B600BD8D9D /* Release */ = {
			isa = XCBuildConfiguration;
			buildSettings = {
				ALWAYS_SEARCH_USER_PATHS = NO;
				CLANG_ANALYZER_NONNULL = YES;
				CLANG_CXX_LANGUAGE_STANDARD = "gnu++0x";
				CLANG_CXX_LIBRARY = "libc++";
				CLANG_ENABLE_MODULES = YES;
				CLANG_ENABLE_OBJC_ARC = YES;
				CLANG_WARN_BOOL_CONVERSION = YES;
				CLANG_WARN_CONSTANT_CONVERSION = YES;
				CLANG_WARN_DIRECT_OBJC_ISA_USAGE = YES_ERROR;
				CLANG_WARN_EMPTY_BODY = YES;
				CLANG_WARN_ENUM_CONVERSION = YES;
				CLANG_WARN_INT_CONVERSION = YES;
				CLANG_WARN_OBJC_ROOT_CLASS = YES_ERROR;
				CLANG_WARN_UNREACHABLE_CODE = YES;
				CLANG_WARN__DUPLICATE_METHOD_MATCH = YES;
				"CODE_SIGN_IDENTITY[sdk=iphoneos*]" = "iPhone Developer";
				COPY_PHASE_STRIP = NO;
				DEBUG_INFORMATION_FORMAT = "dwarf-with-dsym";
				ENABLE_NS_ASSERTIONS = NO;
				ENABLE_STRICT_OBJC_MSGSEND = YES;
				GCC_C_LANGUAGE_STANDARD = gnu99;
				GCC_NO_COMMON_BLOCKS = YES;
				GCC_WARN_64_TO_32_BIT_CONVERSION = YES;
				GCC_WARN_ABOUT_RETURN_TYPE = YES_ERROR;
				GCC_WARN_UNDECLARED_SELECTOR = YES;
				GCC_WARN_UNINITIALIZED_AUTOS = YES_AGGRESSIVE;
				GCC_WARN_UNUSED_FUNCTION = YES;
				GCC_WARN_UNUSED_VARIABLE = YES;
				IPHONEOS_DEPLOYMENT_TARGET = 9.3;
				MTL_ENABLE_DEBUG_INFO = NO;
				SDKROOT = iphoneos;
				TARGETED_DEVICE_FAMILY = "1,2";
				VALIDATE_PRODUCT = YES;
			};
			name = Release;
		};
		B465DF061CCA85B600BD8D9D /* Debug */ = {
			isa = XCBuildConfiguration;
			baseConfigurationReference = 1534489B42CA4E1EFB70704D /* Pods-gifMe.debug.xcconfig */;
			buildSettings = {
				ASSETCATALOG_COMPILER_APPICON_NAME = AppIcon;
				INFOPLIST_FILE = gifMe/Info.plist;
				LD_RUNPATH_SEARCH_PATHS = "$(inherited) @executable_path/Frameworks";
				PRODUCT_BUNDLE_IDENTIFIER = com.blakeoistad.gifMe;
				PRODUCT_NAME = "$(TARGET_NAME)";
			};
			name = Debug;
		};
		B465DF071CCA85B600BD8D9D /* Release */ = {
			isa = XCBuildConfiguration;
			baseConfigurationReference = CB04A1ED8DA56A2354FDE94B /* Pods-gifMe.release.xcconfig */;
			buildSettings = {
				ASSETCATALOG_COMPILER_APPICON_NAME = AppIcon;
				INFOPLIST_FILE = gifMe/Info.plist;
				LD_RUNPATH_SEARCH_PATHS = "$(inherited) @executable_path/Frameworks";
				PRODUCT_BUNDLE_IDENTIFIER = com.blakeoistad.gifMe;
				PRODUCT_NAME = "$(TARGET_NAME)";
			};
			name = Release;
		};
/* End XCBuildConfiguration section */

/* Begin XCConfigurationList section */
		B465DEEE1CCA85B600BD8D9D /* Build configuration list for PBXProject "gifMe" */ = {
			isa = XCConfigurationList;
			buildConfigurations = (
				B465DF031CCA85B600BD8D9D /* Debug */,
				B465DF041CCA85B600BD8D9D /* Release */,
			);
			defaultConfigurationIsVisible = 0;
			defaultConfigurationName = Release;
		};
		B465DF051CCA85B600BD8D9D /* Build configuration list for PBXNativeTarget "gifMe" */ = {
			isa = XCConfigurationList;
			buildConfigurations = (
				B465DF061CCA85B600BD8D9D /* Debug */,
				B465DF071CCA85B600BD8D9D /* Release */,
			);
			defaultConfigurationIsVisible = 0;
			defaultConfigurationName = Release;
		};
/* End XCConfigurationList section */
	};
	rootObject = B465DEEB1CCA85B600BD8D9D /* Project object */;
}
