// !$*UTF8*$!
{
	archiveVersion = 1;
	classes = {
	};
	objectVersion = 46;
	objects = {

/* Begin PBXBuildFile section */
		34788CB01A13D2A10021734B /* StringExtensions.swift in Sources */ = {isa = PBXBuildFile; fileRef = 34D9053619E207E500159DBB /* StringExtensions.swift */; };
		349E52F219E3611000F1E089 /* UIImageExtensions.swift in Sources */ = {isa = PBXBuildFile; fileRef = 349E52F119E3611000F1E089 /* UIImageExtensions.swift */; };
		349E52F319E3677600F1E089 /* UIImageExtensions.swift in Sources */ = {isa = PBXBuildFile; fileRef = 349E52F119E3611000F1E089 /* UIImageExtensions.swift */; };
		349E52F519E3693C00F1E089 /* Book4iOS8.png in Resources */ = {isa = PBXBuildFile; fileRef = 349E52F419E3693C00F1E089 /* Book4iOS8.png */; };
		349E52F619E3694400F1E089 /* Book4iOS8.png in Resources */ = {isa = PBXBuildFile; fileRef = 349E52F419E3693C00F1E089 /* Book4iOS8.png */; };
		34BE0E3119E49ED8005AF103 /* DateExtensions.swift in Sources */ = {isa = PBXBuildFile; fileRef = 3417DF3F19E49A5F005EB6EC /* DateExtensions.swift */; };
		34D9051719E207A600159DBB /* AppDelegate.swift in Sources */ = {isa = PBXBuildFile; fileRef = 34D9051619E207A600159DBB /* AppDelegate.swift */; };
		34D9051919E207A600159DBB /* ViewController.swift in Sources */ = {isa = PBXBuildFile; fileRef = 34D9051819E207A600159DBB /* ViewController.swift */; };
		34D9051C19E207A600159DBB /* Main.storyboard in Resources */ = {isa = PBXBuildFile; fileRef = 34D9051A19E207A600159DBB /* Main.storyboard */; };
		34D9051E19E207A600159DBB /* Images.xcassets in Resources */ = {isa = PBXBuildFile; fileRef = 34D9051D19E207A600159DBB /* Images.xcassets */; };
		34D9052119E207A600159DBB /* LaunchScreen.xib in Resources */ = {isa = PBXBuildFile; fileRef = 34D9051F19E207A600159DBB /* LaunchScreen.xib */; };
		34D9052D19E207A600159DBB /* ExtensionsDemoTests.swift in Sources */ = {isa = PBXBuildFile; fileRef = 34D9052C19E207A600159DBB /* ExtensionsDemoTests.swift */; };
		34D9053719E207E500159DBB /* StringExtensions.swift in Sources */ = {isa = PBXBuildFile; fileRef = 34D9053619E207E500159DBB /* StringExtensions.swift */; };
/* End PBXBuildFile section */

/* Begin PBXContainerItemProxy section */
		34D9052719E207A600159DBB /* PBXContainerItemProxy */ = {
			isa = PBXContainerItemProxy;
			containerPortal = 34D9050919E207A600159DBB /* Project object */;
			proxyType = 1;
			remoteGlobalIDString = 34D9051019E207A600159DBB;
			remoteInfo = ExtensionsDemo;
		};
/* End PBXContainerItemProxy section */

/* Begin PBXFileReference section */
		3417DF3F19E49A5F005EB6EC /* DateExtensions.swift */ = {isa = PBXFileReference; fileEncoding = 4; lastKnownFileType = sourcecode.swift; path = DateExtensions.swift; sourceTree = "<group>"; };
		349E52F119E3611000F1E089 /* UIImageExtensions.swift */ = {isa = PBXFileReference; fileEncoding = 4; lastKnownFileType = sourcecode.swift; path = UIImageExtensions.swift; sourceTree = "<group>"; };
		349E52F419E3693C00F1E089 /* Book4iOS8.png */ = {isa = PBXFileReference; lastKnownFileType = image.png; path = Book4iOS8.png; sourceTree = "<group>"; };
		34D9051119E207A600159DBB /* ExtensionsDemo.app */ = {isa = PBXFileReference; explicitFileType = wrapper.application; includeInIndex = 0; path = ExtensionsDemo.app; sourceTree = BUILT_PRODUCTS_DIR; };
		34D9051519E207A600159DBB /* Info.plist */ = {isa = PBXFileReference; lastKnownFileType = text.plist.xml; path = Info.plist; sourceTree = "<group>"; };
		34D9051619E207A600159DBB /* AppDelegate.swift */ = {isa = PBXFileReference; lastKnownFileType = sourcecode.swift; path = AppDelegate.swift; sourceTree = "<group>"; };
		34D9051819E207A600159DBB /* ViewController.swift */ = {isa = PBXFileReference; lastKnownFileType = sourcecode.swift; path = ViewController.swift; sourceTree = "<group>"; };
		34D9051B19E207A600159DBB /* Base */ = {isa = PBXFileReference; lastKnownFileType = file.storyboard; name = Base; path = Base.lproj/Main.storyboard; sourceTree = "<group>"; };
		34D9051D19E207A600159DBB /* Images.xcassets */ = {isa = PBXFileReference; lastKnownFileType = folder.assetcatalog; path = Images.xcassets; sourceTree = "<group>"; };
		34D9052019E207A600159DBB /* Base */ = {isa = PBXFileReference; lastKnownFileType = file.xib; name = Base; path = Base.lproj/LaunchScreen.xib; sourceTree = "<group>"; };
		34D9052619E207A600159DBB /* ExtensionsDemoTests.xctest */ = {isa = PBXFileReference; explicitFileType = wrapper.cfbundle; includeInIndex = 0; path = ExtensionsDemoTests.xctest; sourceTree = BUILT_PRODUCTS_DIR; };
		34D9052B19E207A600159DBB /* Info.plist */ = {isa = PBXFileReference; lastKnownFileType = text.plist.xml; path = Info.plist; sourceTree = "<group>"; };
		34D9052C19E207A600159DBB /* ExtensionsDemoTests.swift */ = {isa = PBXFileReference; lastKnownFileType = sourcecode.swift; path = ExtensionsDemoTests.swift; sourceTree = "<group>"; };
		34D9053619E207E500159DBB /* StringExtensions.swift */ = {isa = PBXFileReference; fileEncoding = 4; lastKnownFileType = sourcecode.swift; path = StringExtensions.swift; sourceTree = "<group>"; };
/* End PBXFileReference section */

/* Begin PBXFrameworksBuildPhase section */
		34D9050E19E207A600159DBB /* Frameworks */ = {
			isa = PBXFrameworksBuildPhase;
			buildActionMask = 2147483647;
			files = (
			);
			runOnlyForDeploymentPostprocessing = 0;
		};
		34D9052319E207A600159DBB /* Frameworks */ = {
			isa = PBXFrameworksBuildPhase;
			buildActionMask = 2147483647;
			files = (
			);
			runOnlyForDeploymentPostprocessing = 0;
		};
/* End PBXFrameworksBuildPhase section */

/* Begin PBXGroup section */
		34D9050819E207A600159DBB = {
			isa = PBXGroup;
			children = (
				34D9051319E207A600159DBB /* ExtensionsDemo */,
				34D9052919E207A600159DBB /* ExtensionsDemoTests */,
				34D9051219E207A600159DBB /* Products */,
			);
			sourceTree = "<group>";
		};
		34D9051219E207A600159DBB /* Products */ = {
			isa = PBXGroup;
			children = (
				34D9051119E207A600159DBB /* ExtensionsDemo.app */,
				34D9052619E207A600159DBB /* ExtensionsDemoTests.xctest */,
			);
			name = Products;
			sourceTree = "<group>";
		};
		34D9051319E207A600159DBB /* ExtensionsDemo */ = {
			isa = PBXGroup;
			children = (
				34D9053619E207E500159DBB /* StringExtensions.swift */,
				349E52F119E3611000F1E089 /* UIImageExtensions.swift */,
				3417DF3F19E49A5F005EB6EC /* DateExtensions.swift */,
				34D9051619E207A600159DBB /* AppDelegate.swift */,
				34D9051819E207A600159DBB /* ViewController.swift */,
				34D9051A19E207A600159DBB /* Main.storyboard */,
				34D9051D19E207A600159DBB /* Images.xcassets */,
				34D9051F19E207A600159DBB /* LaunchScreen.xib */,
				34D9051419E207A600159DBB /* Supporting Files */,
			);
			path = ExtensionsDemo;
			sourceTree = "<group>";
		};
		34D9051419E207A600159DBB /* Supporting Files */ = {
			isa = PBXGroup;
			children = (
				34D9051519E207A600159DBB /* Info.plist */,
			);
			name = "Supporting Files";
			sourceTree = "<group>";
		};
		34D9052919E207A600159DBB /* ExtensionsDemoTests */ = {
			isa = PBXGroup;
			children = (
				349E52F419E3693C00F1E089 /* Book4iOS8.png */,
				34D9052C19E207A600159DBB /* ExtensionsDemoTests.swift */,
				34D9052A19E207A600159DBB /* Supporting Files */,
			);
			path = ExtensionsDemoTests;
			sourceTree = "<group>";
		};
		34D9052A19E207A600159DBB /* Supporting Files */ = {
			isa = PBXGroup;
			children = (
				34D9052B19E207A600159DBB /* Info.plist */,
			);
			name = "Supporting Files";
			sourceTree = "<group>";
		};
/* End PBXGroup section */

/* Begin PBXNativeTarget section */
		34D9051019E207A600159DBB /* ExtensionsDemo */ = {
			isa = PBXNativeTarget;
			buildConfigurationList = 34D9053019E207A600159DBB /* Build configuration list for PBXNativeTarget "ExtensionsDemo" */;
			buildPhases = (
				34D9050D19E207A600159DBB /* Sources */,
				34D9050E19E207A600159DBB /* Frameworks */,
				34D9050F19E207A600159DBB /* Resources */,
			);
			buildRules = (
			);
			dependencies = (
			);
			name = ExtensionsDemo;
			productName = ExtensionsDemo;
			productReference = 34D9051119E207A600159DBB /* ExtensionsDemo.app */;
			productType = "com.apple.product-type.application";
		};
		34D9052519E207A600159DBB /* ExtensionsDemoTests */ = {
			isa = PBXNativeTarget;
			buildConfigurationList = 34D9053319E207A600159DBB /* Build configuration list for PBXNativeTarget "ExtensionsDemoTests" */;
			buildPhases = (
				34D9052219E207A600159DBB /* Sources */,
				34D9052319E207A600159DBB /* Frameworks */,
				34D9052419E207A600159DBB /* Resources */,
			);
			buildRules = (
			);
			dependencies = (
				34D9052819E207A600159DBB /* PBXTargetDependency */,
			);
			name = ExtensionsDemoTests;
			productName = ExtensionsDemoTests;
			productReference = 34D9052619E207A600159DBB /* ExtensionsDemoTests.xctest */;
			productType = "com.apple.product-type.bundle.unit-test";
		};
/* End PBXNativeTarget section */

/* Begin PBXProject section */
		34D9050919E207A600159DBB /* Project object */ = {
			isa = PBXProject;
			attributes = {
				LastSwiftMigration = 0710;
				LastSwiftUpdateCheck = 0710;
				LastUpgradeCheck = 0600;
				ORGANIZATIONNAME = "Oak Leaf Enterprises, Inc.";
				TargetAttributes = {
					34D9051019E207A600159DBB = {
						CreatedOnToolsVersion = 6.0.1;
					};
					34D9052519E207A600159DBB = {
						CreatedOnToolsVersion = 6.0.1;
						TestTargetID = 34D9051019E207A600159DBB;
					};
				};
			};
			buildConfigurationList = 34D9050C19E207A600159DBB /* Build configuration list for PBXProject "ExtensionsDemo" */;
			compatibilityVersion = "Xcode 3.2";
			developmentRegion = English;
			hasScannedForEncodings = 0;
			knownRegions = (
				en,
				Base,
			);
			mainGroup = 34D9050819E207A600159DBB;
			productRefGroup = 34D9051219E207A600159DBB /* Products */;
			projectDirPath = "";
			projectRoot = "";
			targets = (
				34D9051019E207A600159DBB /* ExtensionsDemo */,
				34D9052519E207A600159DBB /* ExtensionsDemoTests */,
			);
		};
/* End PBXProject section */

/* Begin PBXResourcesBuildPhase section */
		34D9050F19E207A600159DBB /* Resources */ = {
			isa = PBXResourcesBuildPhase;
			buildActionMask = 2147483647;
			files = (
				34D9051C19E207A600159DBB /* Main.storyboard in Resources */,
				34D9052119E207A600159DBB /* LaunchScreen.xib in Resources */,
				349E52F619E3694400F1E089 /* Book4iOS8.png in Resources */,
				34D9051E19E207A600159DBB /* Images.xcassets in Resources */,
			);
			runOnlyForDeploymentPostprocessing = 0;
		};
		34D9052419E207A600159DBB /* Resources */ = {
			isa = PBXResourcesBuildPhase;
			buildActionMask = 2147483647;
			files = (
				349E52F519E3693C00F1E089 /* Book4iOS8.png in Resources */,
			);
			runOnlyForDeploymentPostprocessing = 0;
		};
/* End PBXResourcesBuildPhase section */

/* Begin PBXSourcesBuildPhase section */
		34D9050D19E207A600159DBB /* Sources */ = {
			isa = PBXSourcesBuildPhase;
			buildActionMask = 2147483647;
			files = (
				34D9053719E207E500159DBB /* StringExtensions.swift in Sources */,
				34BE0E3119E49ED8005AF103 /* DateExtensions.swift in Sources */,
				34D9051919E207A600159DBB /* ViewController.swift in Sources */,
				34D9051719E207A600159DBB /* AppDelegate.swift in Sources */,
				349E52F219E3611000F1E089 /* UIImageExtensions.swift in Sources */,
			);
			runOnlyForDeploymentPostprocessing = 0;
		};
		34D9052219E207A600159DBB /* Sources */ = {
			isa = PBXSourcesBuildPhase;
			buildActionMask = 2147483647;
			files = (
				34788CB01A13D2A10021734B /* StringExtensions.swift in Sources */,
				34D9052D19E207A600159DBB /* ExtensionsDemoTests.swift in Sources */,
				349E52F319E3677600F1E089 /* UIImageExtensions.swift in Sources */,
			);
			runOnlyForDeploymentPostprocessing = 0;
		};
/* End PBXSourcesBuildPhase section */

/* Begin PBXTargetDependency section */
		34D9052819E207A600159DBB /* PBXTargetDependency */ = {
			isa = PBXTargetDependency;
			target = 34D9051019E207A600159DBB /* ExtensionsDemo */;
			targetProxy = 34D9052719E207A600159DBB /* PBXContainerItemProxy */;
		};
/* End PBXTargetDependency section */

/* Begin PBXVariantGroup section */
		34D9051A19E207A600159DBB /* Main.storyboard */ = {
			isa = PBXVariantGroup;
			children = (
				34D9051B19E207A600159DBB /* Base */,
			);
			name = Main.storyboard;
			sourceTree = "<group>";
		};
		34D9051F19E207A600159DBB /* LaunchScreen.xib */ = {
			isa = PBXVariantGroup;
			children = (
				34D9052019E207A600159DBB /* Base */,
			);
			name = LaunchScreen.xib;
			sourceTree = "<group>";
		};
/* End PBXVariantGroup section */

/* Begin XCBuildConfiguration section */
		34D9052E19E207A600159DBB /* Debug */ = {
			isa = XCBuildConfiguration;
			buildSettings = {
				ALWAYS_SEARCH_USER_PATHS = NO;
				CLANG_CXX_LANGUAGE_STANDARD = "gnu++0x";
				CLANG_CXX_LIBRARY = "libc++";
				CLANG_ENABLE_MODULES = YES;
				CLANG_ENABLE_OBJC_ARC = YES;
				CLANG_WARN_BOOL_CONVERSION = YES;
				CLANG_WARN_CONSTANT_CONVERSION = YES;
				CLANG_WARN_DIRECT_OBJC_ISA_USAGE = YES_ERROR;
				CLANG_WARN_EMPTY_BODY = YES;
				CLANG_WARN_ENUM_CONVERSION = YES;
				CLANG_WARN_INT_CONVERSION = YES;
				CLANG_WARN_OBJC_ROOT_CLASS = YES_ERROR;
				CLANG_WARN_UNREACHABLE_CODE = YES;
				CLANG_WARN__DUPLICATE_METHOD_MATCH = YES;
				"CODE_SIGN_IDENTITY[sdk=iphoneos*]" = "iPhone Developer";
				COPY_PHASE_STRIP = NO;
				ENABLE_STRICT_OBJC_MSGSEND = YES;
				GCC_C_LANGUAGE_STANDARD = gnu99;
				GCC_DYNAMIC_NO_PIC = NO;
				GCC_OPTIMIZATION_LEVEL = 0;
				GCC_PREPROCESSOR_DEFINITIONS = (
					"DEBUG=1",
					"$(inherited)",
				);
				GCC_SYMBOLS_PRIVATE_EXTERN = NO;
				GCC_WARN_64_TO_32_BIT_CONVERSION = YES;
				GCC_WARN_ABOUT_RETURN_TYPE = YES_ERROR;
				GCC_WARN_UNDECLARED_SELECTOR = YES;
				GCC_WARN_UNINITIALIZED_AUTOS = YES_AGGRESSIVE;
				GCC_WARN_UNUSED_FUNCTION = YES;
				GCC_WARN_UNUSED_VARIABLE = YES;
				IPHONEOS_DEPLOYMENT_TARGET = 8.0;
				MTL_ENABLE_DEBUG_INFO = YES;
				ONLY_ACTIVE_ARCH = YES;
				SDKROOT = iphoneos;
				SWIFT_OPTIMIZATION_LEVEL = "-Onone";
			};
			name = Debug;
		};
		34D9052F19E207A600159DBB /* Release */ = {
			isa = XCBuildConfiguration;
			buildSettings = {
				ALWAYS_SEARCH_USER_PATHS = NO;
				CLANG_CXX_LANGUAGE_STANDARD = "gnu++0x";
				CLANG_CXX_LIBRARY = "libc++";
				CLANG_ENABLE_MODULES = YES;
				CLANG_ENABLE_OBJC_ARC = YES;
				CLANG_WARN_BOOL_CONVERSION = YES;
				CLANG_WARN_CONSTANT_CONVERSION = YES;
				CLANG_WARN_DIRECT_OBJC_ISA_USAGE = YES_ERROR;
				CLANG_WARN_EMPTY_BODY = YES;
				CLANG_WARN_ENUM_CONVERSION = YES;
				CLANG_WARN_INT_CONVERSION = YES;
				CLANG_WARN_OBJC_ROOT_CLASS = YES_ERROR;
				CLANG_WARN_UNREACHABLE_CODE = YES;
				CLANG_WARN__DUPLICATE_METHOD_MATCH = YES;
				"CODE_SIGN_IDENTITY[sdk=iphoneos*]" = "iPhone Developer";
				COPY_PHASE_STRIP = YES;
				ENABLE_NS_ASSERTIONS = NO;
				ENABLE_STRICT_OBJC_MSGSEND = YES;
				GCC_C_LANGUAGE_STANDARD = gnu99;
				GCC_WARN_64_TO_32_BIT_CONVERSION = YES;
				GCC_WARN_ABOUT_RETURN_TYPE = YES_ERROR;
				GCC_WARN_UNDECLARED_SELECTOR = YES;
				GCC_WARN_UNINITIALIZED_AUTOS = YES_AGGRESSIVE;
				GCC_WARN_UNUSED_FUNCTION = YES;
				GCC_WARN_UNUSED_VARIABLE = YES;
				IPHONEOS_DEPLOYMENT_TARGET = 8.0;
				MTL_ENABLE_DEBUG_INFO = NO;
				SDKROOT = iphoneos;
				VALIDATE_PRODUCT = YES;
			};
			name = Release;
		};
		34D9053119E207A600159DBB /* Debug */ = {
			isa = XCBuildConfiguration;
			buildSettings = {
				ASSETCATALOG_COMPILER_APPICON_NAME = AppIcon;
				INFOPLIST_FILE = ExtensionsDemo/Info.plist;
				LD_RUNPATH_SEARCH_PATHS = "$(inherited) @executable_path/Frameworks";
				PRODUCT_NAME = "$(TARGET_NAME)";
			};
			name = Debug;
		};
		34D9053219E207A600159DBB /* Release */ = {
			isa = XCBuildConfiguration;
			buildSettings = {
				ASSETCATALOG_COMPILER_APPICON_NAME = AppIcon;
				INFOPLIST_FILE = ExtensionsDemo/Info.plist;
				LD_RUNPATH_SEARCH_PATHS = "$(inherited) @executable_path/Frameworks";
				PRODUCT_NAME = "$(TARGET_NAME)";
			};
			name = Release;
		};
		34D9053419E207A600159DBB /* Debug */ = {
			isa = XCBuildConfiguration;
			buildSettings = {
				BUNDLE_LOADER = "$(TEST_HOST)";
				FRAMEWORK_SEARCH_PATHS = (
					"$(SDKROOT)/Developer/Library/Frameworks",
					"$(inherited)",
				);
				GCC_PREPROCESSOR_DEFINITIONS = (
					"DEBUG=1",
					"$(inherited)",
				);
				INFOPLIST_FILE = ExtensionsDemoTests/Info.plist;
				LD_RUNPATH_SEARCH_PATHS = "$(inherited) @executable_path/Frameworks @loader_path/Frameworks";
				PRODUCT_NAME = "$(TARGET_NAME)";
				TEST_HOST = "$(BUILT_PRODUCTS_DIR)/ExtensionsDemo.app/ExtensionsDemo";
			};
			name = Debug;
		};
		34D9053519E207A600159DBB /* Release */ = {
			isa = XCBuildConfiguration;
			buildSettings = {
				BUNDLE_LOADER = "$(TEST_HOST)";
				FRAMEWORK_SEARCH_PATHS = (
					"$(SDKROOT)/Developer/Library/Frameworks",
					"$(inherited)",
				);
				INFOPLIST_FILE = ExtensionsDemoTests/Info.plist;
				LD_RUNPATH_SEARCH_PATHS = "$(inherited) @executable_path/Frameworks @loader_path/Frameworks";
				PRODUCT_NAME = "$(TARGET_NAME)";
				TEST_HOST = "$(BUILT_PRODUCTS_DIR)/ExtensionsDemo.app/ExtensionsDemo";
			};
			name = Release;
		};
/* End XCBuildConfiguration section */

/* Begin XCConfigurationList section */
		34D9050C19E207A600159DBB /* Build configuration list for PBXProject "ExtensionsDemo" */ = {
			isa = XCConfigurationList;
			buildConfigurations = (
				34D9052E19E207A600159DBB /* Debug */,
				34D9052F19E207A600159DBB /* Release */,
			);
			defaultConfigurationIsVisible = 0;
			defaultConfigurationName = Release;
		};
		34D9053019E207A600159DBB /* Build configuration list for PBXNativeTarget "ExtensionsDemo" */ = {
			isa = XCConfigurationList;
			buildConfigurations = (
				34D9053119E207A600159DBB /* Debug */,
				34D9053219E207A600159DBB /* Release */,
			);
			defaultConfigurationIsVisible = 0;
			defaultConfigurationName = Release;
		};
		34D9053319E207A600159DBB /* Build configuration list for PBXNativeTarget "ExtensionsDemoTests" */ = {
			isa = XCConfigurationList;
			buildConfigurations = (
				34D9053419E207A600159DBB /* Debug */,
				34D9053519E207A600159DBB /* Release */,
			);
			defaultConfigurationIsVisible = 0;
			defaultConfigurationName = Release;
		};
/* End XCConfigurationList section */
	};
	rootObject = 34D9050919E207A600159DBB /* Project object */;
}
